{
  "version": 4,
  "terraform_version": "1.10.3",
  "serial": 105,
  "lineage": "6a8cf7a7-bf51-b199-ab7e-843973f215ab",
  "outputs": {
    "access_instructions": {
      "value": {
        "documentation": "View docs at: http://asterra-public-docs-94d54dba.s3-website-us-east-1.amazonaws.com",
        "monitoring": "CloudWatch Dashboard: https://us-east-1.console.aws.amazon.com/cloudwatch/home?region=us-east-1#dashboards:name=asterra-assignment-assignment-dashboard",
        "public_service": "Access ODK Central at: http://asterra-public-alb-391303536.us-east-1.elb.amazonaws.com",
        "s3_upload_bucket": "Upload GeoJSON files to: s3://asterra-data-ingestion-94d54dba",
        "windows_workspace": "RDP to: 54.242.135.238:3389"
      },
      "type": [
        "object",
        {
          "documentation": "string",
          "monitoring": "string",
          "public_service": "string",
          "s3_upload_bucket": "string",
          "windows_workspace": "string"
        }
      ]
    },
    "cloudwatch_dashboard_url": {
      "value": "https://us-east-1.console.aws.amazon.com/cloudwatch/home?region=us-east-1#dashboards:name=asterra-assignment-assignment-dashboard",
      "type": "string"
    },
    "cloudwatch_log_group_name": {
      "value": "/aws/rds/instance/asterra-postgres-gis/postgresql",
      "type": "string"
    },
    "data_ingestion_bucket_arn": {
      "value": "arn:aws:s3:::asterra-data-ingestion-94d54dba",
      "type": "string"
    },
    "data_ingestion_bucket_name": {
      "value": "asterra-data-ingestion-94d54dba",
      "type": "string"
    },
    "database_subnet_ids": {
      "value": [
        "subnet-01d02b1899693bf5d",
        "subnet-0db3601129ddef119"
      ],
      "type": [
        "tuple",
        [
          "string",
          "string"
        ]
      ]
    },
    "db_instance_endpoint": {
      "value": "asterra-postgres-gis.chiegsm6e8tt.us-east-1.rds.amazonaws.com:5432",
      "type": "string"
    },
    "db_instance_id": {
      "value": "db-Y24MGUM37OX67BLN5RUXNZXDBQ",
      "type": "string"
    },
    "db_instance_port": {
      "value": 5432,
      "type": "number"
    },
    "db_name": {
      "value": "asterra_gis",
      "type": "string"
    },
    "db_subnet_group_name": {
      "value": "asterra-db-subnet-group",
      "type": "string"
    },
    "db_username": {
      "value": "postgres",
      "type": "string",
      "sensitive": true
    },
    "deployment_info": {
      "value": {
        "aws_account_id": "194722441708",
        "aws_region": "us-east-1",
        "deployed_at": "2025-07-09T20:37:24Z",
        "deployment_id": "16df9320",
        "environment": "assignment",
        "project_name": "asterra-assignment"
      },
      "type": [
        "object",
        {
          "aws_account_id": "string",
          "aws_region": "string",
          "deployed_at": "string",
          "deployment_id": "string",
          "environment": "string",
          "project_name": "string"
        }
      ]
    },
    "ecr_repository_url": {
      "value": "194722441708.dkr.ecr.us-east-1.amazonaws.com/asterra-app",
      "type": "string"
    },
    "ecs_cluster_name": {
      "value": "asterra-cluster",
      "type": "string"
    },
    "ecs_service_name": {
      "value": "asterra-geojson-processor",
      "type": "string"
    },
    "lambda_function_name": {
      "value": "asterra-assignment-assignment-s3-geojson-processor",
      "type": "string"
    },
    "nat_gateway_ip": {
      "value": "3.230.28.204",
      "type": "string"
    },
    "parameter_group_name": {
      "value": "asterra-postgres-postgis-v2",
      "type": "string"
    },
    "private_server_ip": {
      "value": "10.0.10.221",
      "type": "string"
    },
    "private_subnet_ids": {
      "value": [
        "subnet-0bb9914b2756dfd0a",
        "subnet-0e2125ed973801e0d"
      ],
      "type": [
        "tuple",
        [
          "string",
          "string"
        ]
      ]
    },
    "public_alb_dns": {
      "value": "asterra-public-alb-391303536.us-east-1.elb.amazonaws.com",
      "type": "string"
    },
    "public_alb_zone_id": {
      "value": "Z35SXDOTRQ7X7K",
      "type": "string"
    },
    "public_docs_bucket_name": {
      "value": "asterra-public-docs-94d54dba",
      "type": "string"
    },
    "public_docs_bucket_url": {
      "value": "http://asterra-public-docs-94d54dba.s3-website-us-east-1.amazonaws.com",
      "type": "string"
    },
    "public_subnet_ids": {
      "value": [
        "subnet-0390306e589945532",
        "subnet-0cb25c7185de8aed4"
      ],
      "type": [
        "tuple",
        [
          "string",
          "string"
        ]
      ]
    },
    "sample_geojson_url": {
      "value": "s3://asterra-data-ingestion-94d54dba/samples/tel-aviv-sample.geojson",
      "type": "string"
    },
    "secret_manager_secret_arn": {
      "value": "arn:aws:secretsmanager:us-east-1:194722441708:secret:asterra/database/credentials-tMiePH",
      "type": "string"
    },
    "security_group_ids": {
      "value": {
        "alb": "sg-08a478c88f7ae323c",
        "database": "sg-0ba78f4aec837247c",
        "private": "sg-063993e483a61c7af",
        "public": "sg-0a91ac97c8659f7a1",
        "rdp": "sg-0712b8833e5744074"
      },
      "type": [
        "object",
        {
          "alb": "string",
          "database": "string",
          "private": "string",
          "public": "string",
          "rdp": "string"
        }
      ]
    },
    "terraform_state_bucket_arn": {
      "value": "arn:aws:s3:::asterra-terraform-state-94d54dba",
      "type": "string"
    },
    "terraform_state_bucket_name": {
      "value": "asterra-terraform-state-94d54dba",
      "type": "string"
    },
    "vpc_cidr_block": {
      "value": "10.0.0.0/16",
      "type": "string"
    },
    "vpc_id": {
      "value": "vpc-0848ba8a968a279de",
      "type": "string"
    },
    "windows_workspace_id": {
      "value": "i-057a0a33f5d9ac655",
      "type": "string"
    },
    "windows_workspace_ip": {
      "value": "54.242.135.238",
      "type": "string"
    }
  },
  "resources": [
    {
      "mode": "data",
      "type": "archive_file",
      "name": "lambda_zip",
      "provider": "provider[\"registry.terraform.io/hashicorp/archive\"]",
      "instances": [
        {
          "schema_version": 0,
          "attributes": {
            "exclude_symlink_directories": null,
            "excludes": null,
            "id": "0683289ab2237d4d5f827df386889a397b607c97",
            "output_base64sha256": "fffyEGr+QkxW7VqhZvdcl6jQIoI/1/tyoIf65DZEQVk=",
            "output_base64sha512": "TU0vtttOu4YseBD2DAsP2zdIC675RSZstVs7HeP9uvGqpbEUR8NqzS4OlRMTHZAAuzthY4fK9+kss4Df3e2pQA==",
            "output_file_mode": null,
            "output_md5": "023f7b90e34251891768073829bec748",
            "output_path": "lambda_function.zip",
            "output_sha": "0683289ab2237d4d5f827df386889a397b607c97",
            "output_sha256": "7df7f2106afe424c56ed5aa166f75c97a8d022823fd7fb72a087fae436444159",
            "output_sha512": "4d4d2fb6db4ebb862c7810f60c0b0fdb37480baef945266cb55b3b1de3fdbaf1aaa5b11447c36acd2e0e9513131d9000bb3b616387caf7e92cb380dfddeda940",
            "output_size": 1992,
            "source": [
              {
                "content": "#!/usr/bin/env python3\r\n\"\"\"\r\nLambda function to trigger ECS task when GeoJSON files are uploaded to S3\r\n\"\"\"\r\n\r\nimport json\r\nimport boto3\r\nimport logging\r\nimport os\r\nfrom urllib.parse import unquote_plus\r\n\r\n# Configure logging\r\nlogger = logging.getLogger()\r\nlogger.setLevel(logging.INFO)\r\n\r\n# Initialize AWS clients\r\necs_client = boto3.client('ecs')\r\n\r\n\r\ndef handler(event, context):\r\n    \"\"\"\r\n    AWS Lambda handler function\r\n    Triggered when files are uploaded to S3 bucket\r\n    \"\"\"\r\n\r\n    try:\r\n        # Parse S3 event\r\n        for record in event['Records']:\r\n            # Get bucket and object key from the event\r\n            bucket = record['s3']['bucket']['name']\r\n            key = unquote_plus(record['s3']['object']['key'])\r\n\r\n            logger.info(f\"Processing file: s3://{bucket}/{key}\")\r\n\r\n            # Check if it's a GeoJSON file\r\n            if not key.lower().endswith('.geojson'):\r\n                logger.info(f\"Skipping non-GeoJSON file: {key}\")\r\n                continue\r\n\r\n            # Run ECS task to process the file\r\n            response = run_ecs_task(bucket, key)\r\n\r\n            logger.info(f\"ECS task started: {response.get('taskArn', 'Unknown')}\")\r\n\r\n        return {\r\n            'statusCode': 200,\r\n            'body': json.dumps({\r\n                'message': f'Successfully processed {len(event[\"Records\"])} files',\r\n                'timestamp': context.aws_request_id\r\n            })\r\n        }\r\n\r\n    except Exception as e:\r\n        logger.error(f\"Error processing S3 event: {str(e)}\")\r\n\r\n        return {\r\n            'statusCode': 500,\r\n            'body': json.dumps({\r\n                'error': str(e),\r\n                'timestamp': context.aws_request_id\r\n            })\r\n        }\r\n\r\n\r\ndef run_ecs_task(bucket, key):\r\n    \"\"\"\r\n    Run ECS Fargate task to process the GeoJSON file\r\n    \"\"\"\r\n\r\n    # Get environment variables\r\n    cluster_name = os.environ['ECS_CLUSTER_NAME']\r\n    task_definition = os.environ['ECS_TASK_DEFINITION']\r\n    subnets = os.environ['ECS_SUBNETS'].split(',')\r\n    security_groups = [os.environ['ECS_SECURITY_GROUPS']]\r\n\r\n    # Task configuration\r\n    task_config = {\r\n        'cluster': cluster_name,\r\n        'taskDefinition': task_definition,\r\n        'launchType': 'FARGATE',\r\n        'networkConfiguration': {\r\n            'awsvpcConfiguration': {\r\n                'subnets': subnets,\r\n                'securityGroups': security_groups,\r\n                'assignPublicIp': 'DISABLED'  # Running in private subnet\r\n            }\r\n        },\r\n        'overrides': {\r\n            'containerOverrides': [\r\n                {\r\n                    'name': 'geojson-processor',\r\n                    'environment': [\r\n                        {\r\n                            'name': 'S3_BUCKET',\r\n                            'value': bucket\r\n                        },\r\n                        {\r\n                            'name': 'S3_KEY',\r\n                            'value': key\r\n                        },\r\n                        {\r\n                            'name': 'PROCESSING_MODE',\r\n                            'value': 'single_file'\r\n                        }\r\n                    ]\r\n                }\r\n            ]\r\n        },\r\n        'tags': [\r\n            {\r\n                'key': 'Purpose',\r\n                'value': 'GeoJSON Processing'\r\n            },\r\n            {\r\n                'key': 'TriggeredBy',\r\n                'value': 'S3 Event'\r\n            },\r\n            {\r\n                'key': 'SourceFile',\r\n                'value': f\"s3://{bucket}/{key}\"\r\n            }\r\n        ]\r\n    }\r\n\r\n    # Run the ECS task\r\n    response = ecs_client.run_task(**task_config)\r\n\r\n    # Check for failures\r\n    if response.get('failures'):\r\n        failures = response['failures']\r\n        error_msg = f\"ECS task failed to start: {failures}\"\r\n        logger.error(error_msg)\r\n        raise Exception(error_msg)\r\n\r\n    # Log task details\r\n    tasks = response.get('tasks', [])\r\n    if tasks:\r\n        task_arn = tasks[0]['taskArn']\r\n        logger.info(f\"ECS task started successfully: {task_arn}\")\r\n\r\n    return response\r\n\r\n\r\ndef validate_geojson_key(key):\r\n    \"\"\"\r\n    Validate that the S3 key represents a GeoJSON file\r\n    \"\"\"\r\n\r\n    # Check file extension\r\n    if not key.lower().endswith('.geojson'):\r\n        return False, \"Not a GeoJSON file\"\r\n\r\n    # Check that it's not in a system folder\r\n    system_folders = ['_system', '.tmp', 'logs', 'backups']\r\n    for folder in system_folders:\r\n        if folder in key.lower():\r\n            return False, f\"File in system folder: {folder}\"\r\n\r\n    # Check file size isn't too large (basic validation)\r\n    # Note: Could enhance this with actual S3 head_object call\r\n\r\n    return True, \"Valid GeoJSON file\"\r\n\r\n\r\n# For testing locally\r\nif __name__ == \"__main__\":\r\n    # Test event structure\r\n    test_event = {\r\n        \"Records\": [\r\n            {\r\n                \"s3\": {\r\n                    \"bucket\": {\r\n                        \"name\": \"test-bucket\"\r\n                    },\r\n                    \"object\": {\r\n                        \"key\": \"test-file.geojson\"\r\n                    }\r\n                }\r\n            }\r\n        ]\r\n    }\r\n\r\n\r\n    # Mock context\r\n    class MockContext:\r\n        aws_request_id = \"test-request-id\"\r\n\r\n\r\n    # Set environment variables for testing\r\n    os.environ['ECS_CLUSTER_NAME'] = 'test-cluster'\r\n    os.environ['ECS_TASK_DEFINITION'] = 'test-task-def'\r\n    os.environ['ECS_SUBNETS'] = 'subnet-12345,subnet-67890'\r\n    os.environ['ECS_SECURITY_GROUPS'] = 'sg-12345'\r\n\r\n    # Run test\r\n    result = handler(test_event, MockContext())\r\n    print(json.dumps(result, indent=2))",
                "filename": "index.py"
              }
            ],
            "source_content": null,
            "source_content_filename": null,
            "source_dir": null,
            "source_file": null,
            "type": "zip"
          },
          "sensitive_attributes": []
        }
      ]
    },
    {
      "mode": "data",
      "type": "aws_ami",
      "name": "amazon_linux",
      "provider": "provider[\"registry.terraform.io/hashicorp/aws\"]",
      "instances": [
        {
          "schema_version": 0,
          "attributes": {
            "architecture": "x86_64",
            "arn": "arn:aws:ec2:us-east-1::image/ami-0c6ebb5b9bce4ba15",
            "block_device_mappings": [
              {
                "device_name": "/dev/xvda",
                "ebs": {
                  "delete_on_termination": "true",
                  "encrypted": "false",
                  "iops": "0",
                  "snapshot_id": "snap-0c819b394123c6700",
                  "throughput": "0",
                  "volume_initialization_rate": "0",
                  "volume_size": "8",
                  "volume_type": "gp2"
                },
                "no_device": "",
                "virtual_name": ""
              }
            ],
            "boot_mode": "",
            "creation_date": "2025-06-20T08:42:15.000Z",
            "deprecation_time": "2025-09-18T08:42:00.000Z",
            "description": "Amazon Linux 2 AMI 2.0.20250623.0 x86_64 HVM gp2",
            "ena_support": true,
            "executable_users": null,
            "filter": [
              {
                "name": "name",
                "values": [
                  "amzn2-ami-hvm-*-x86_64-gp2"
                ]
              },
              {
                "name": "virtualization-type",
                "values": [
                  "hvm"
                ]
              }
            ],
            "hypervisor": "xen",
            "id": "ami-0c6ebb5b9bce4ba15",
            "image_id": "ami-0c6ebb5b9bce4ba15",
            "image_location": "amazon/amzn2-ami-hvm-2.0.20250623.0-x86_64-gp2",
            "image_owner_alias": "amazon",
            "image_type": "machine",
            "imds_support": "",
            "include_deprecated": false,
            "kernel_id": "",
            "last_launched_time": "",
            "most_recent": true,
            "name": "amzn2-ami-hvm-2.0.20250623.0-x86_64-gp2",
            "name_regex": null,
            "owner_id": "137112412989",
            "owners": [
              "amazon"
            ],
            "platform": "",
            "platform_details": "Linux/UNIX",
            "product_codes": [],
            "public": true,
            "ramdisk_id": "",
            "root_device_name": "/dev/xvda",
            "root_device_type": "ebs",
            "root_snapshot_id": "snap-0c819b394123c6700",
            "sriov_net_support": "simple",
            "state": "available",
            "state_reason": {
              "code": "UNSET",
              "message": "UNSET"
            },
            "tags": {},
            "timeouts": null,
            "tpm_support": "",
            "uefi_data": null,
            "usage_operation": "RunInstances",
            "virtualization_type": "hvm"
          },
          "sensitive_attributes": []
        }
      ]
    },
    {
      "mode": "data",
      "type": "aws_ami",
      "name": "ubuntu",
      "provider": "provider[\"registry.terraform.io/hashicorp/aws\"]",
      "instances": [
        {
          "schema_version": 0,
          "attributes": {
            "architecture": "x86_64",
            "arn": "arn:aws:ec2:us-east-1::image/ami-05ec1e5f7cfe5ef59",
            "block_device_mappings": [
              {
                "device_name": "/dev/sda1",
                "ebs": {
                  "delete_on_termination": "true",
                  "encrypted": "false",
                  "iops": "0",
                  "snapshot_id": "snap-0b030d7783e04bd00",
                  "throughput": "0",
                  "volume_initialization_rate": "0",
                  "volume_size": "8",
                  "volume_type": "gp2"
                },
                "no_device": "",
                "virtual_name": ""
              },
              {
                "device_name": "/dev/sdb",
                "ebs": {},
                "no_device": "",
                "virtual_name": "ephemeral0"
              },
              {
                "device_name": "/dev/sdc",
                "ebs": {},
                "no_device": "",
                "virtual_name": "ephemeral1"
              }
            ],
            "boot_mode": "uefi-preferred",
            "creation_date": "2025-06-27T06:45:08.000Z",
            "deprecation_time": "2027-06-27T06:45:08.000Z",
            "description": "Canonical, Ubuntu, 22.04, amd64 jammy image",
            "ena_support": true,
            "executable_users": null,
            "filter": [
              {
                "name": "name",
                "values": [
                  "ubuntu/images/hvm-ssd/ubuntu-jammy-22.04-amd64-server-*"
                ]
              },
              {
                "name": "virtualization-type",
                "values": [
                  "hvm"
                ]
              }
            ],
            "hypervisor": "xen",
            "id": "ami-05ec1e5f7cfe5ef59",
            "image_id": "ami-05ec1e5f7cfe5ef59",
            "image_location": "amazon/ubuntu/images/hvm-ssd/ubuntu-jammy-22.04-amd64-server-20250627",
            "image_owner_alias": "amazon",
            "image_type": "machine",
            "imds_support": "",
            "include_deprecated": false,
            "kernel_id": "",
            "last_launched_time": "",
            "most_recent": true,
            "name": "ubuntu/images/hvm-ssd/ubuntu-jammy-22.04-amd64-server-20250627",
            "name_regex": null,
            "owner_id": "099720109477",
            "owners": [
              "099720109477"
            ],
            "platform": "",
            "platform_details": "Linux/UNIX",
            "product_codes": [],
            "public": true,
            "ramdisk_id": "",
            "root_device_name": "/dev/sda1",
            "root_device_type": "ebs",
            "root_snapshot_id": "snap-0b030d7783e04bd00",
            "sriov_net_support": "simple",
            "state": "available",
            "state_reason": {
              "code": "UNSET",
              "message": "UNSET"
            },
            "tags": {},
            "timeouts": null,
            "tpm_support": "",
            "uefi_data": null,
            "usage_operation": "RunInstances",
            "virtualization_type": "hvm"
          },
          "sensitive_attributes": []
        }
      ]
    },
    {
      "mode": "data",
      "type": "aws_ami",
      "name": "windows_server",
      "provider": "provider[\"registry.terraform.io/hashicorp/aws\"]",
      "instances": [
        {
          "schema_version": 0,
          "attributes": {
            "architecture": "x86_64",
            "arn": "arn:aws:ec2:us-east-1::image/ami-0345f44fe05216fc4",
            "block_device_mappings": [
              {
                "device_name": "/dev/sda1",
                "ebs": {
                  "delete_on_termination": "true",
                  "encrypted": "false",
                  "iops": "0",
                  "snapshot_id": "snap-0d4994300e453662c",
                  "throughput": "0",
                  "volume_initialization_rate": "0",
                  "volume_size": "30",
                  "volume_type": "gp2"
                },
                "no_device": "",
                "virtual_name": ""
              },
              {
                "device_name": "xvdca",
                "ebs": {},
                "no_device": "",
                "virtual_name": "ephemeral0"
              },
              {
                "device_name": "xvdcb",
                "ebs": {},
                "no_device": "",
                "virtual_name": "ephemeral1"
              },
              {
                "device_name": "xvdcc",
                "ebs": {},
                "no_device": "",
                "virtual_name": "ephemeral2"
              },
              {
                "device_name": "xvdcd",
                "ebs": {},
                "no_device": "",
                "virtual_name": "ephemeral3"
              },
              {
                "device_name": "xvdce",
                "ebs": {},
                "no_device": "",
                "virtual_name": "ephemeral4"
              },
              {
                "device_name": "xvdcf",
                "ebs": {},
                "no_device": "",
                "virtual_name": "ephemeral5"
              },
              {
                "device_name": "xvdcg",
                "ebs": {},
                "no_device": "",
                "virtual_name": "ephemeral6"
              },
              {
                "device_name": "xvdch",
                "ebs": {},
                "no_device": "",
                "virtual_name": "ephemeral7"
              },
              {
                "device_name": "xvdci",
                "ebs": {},
                "no_device": "",
                "virtual_name": "ephemeral8"
              },
              {
                "device_name": "xvdcj",
                "ebs": {},
                "no_device": "",
                "virtual_name": "ephemeral9"
              },
              {
                "device_name": "xvdck",
                "ebs": {},
                "no_device": "",
                "virtual_name": "ephemeral10"
              },
              {
                "device_name": "xvdcl",
                "ebs": {},
                "no_device": "",
                "virtual_name": "ephemeral11"
              },
              {
                "device_name": "xvdcm",
                "ebs": {},
                "no_device": "",
                "virtual_name": "ephemeral12"
              },
              {
                "device_name": "xvdcn",
                "ebs": {},
                "no_device": "",
                "virtual_name": "ephemeral13"
              },
              {
                "device_name": "xvdco",
                "ebs": {},
                "no_device": "",
                "virtual_name": "ephemeral14"
              },
              {
                "device_name": "xvdcp",
                "ebs": {},
                "no_device": "",
                "virtual_name": "ephemeral15"
              },
              {
                "device_name": "xvdcq",
                "ebs": {},
                "no_device": "",
                "virtual_name": "ephemeral16"
              },
              {
                "device_name": "xvdcr",
                "ebs": {},
                "no_device": "",
                "virtual_name": "ephemeral17"
              },
              {
                "device_name": "xvdcs",
                "ebs": {},
                "no_device": "",
                "virtual_name": "ephemeral18"
              },
              {
                "device_name": "xvdct",
                "ebs": {},
                "no_device": "",
                "virtual_name": "ephemeral19"
              },
              {
                "device_name": "xvdcu",
                "ebs": {},
                "no_device": "",
                "virtual_name": "ephemeral20"
              },
              {
                "device_name": "xvdcv",
                "ebs": {},
                "no_device": "",
                "virtual_name": "ephemeral21"
              },
              {
                "device_name": "xvdcw",
                "ebs": {},
                "no_device": "",
                "virtual_name": "ephemeral22"
              },
              {
                "device_name": "xvdcx",
                "ebs": {},
                "no_device": "",
                "virtual_name": "ephemeral23"
              },
              {
                "device_name": "xvdcy",
                "ebs": {},
                "no_device": "",
                "virtual_name": "ephemeral24"
              },
              {
                "device_name": "xvdcz",
                "ebs": {},
                "no_device": "",
                "virtual_name": "ephemeral25"
              }
            ],
            "boot_mode": "",
            "creation_date": "2025-06-12T00:44:57.000Z",
            "deprecation_time": "2027-06-12T00:44:57.000Z",
            "description": "Microsoft Windows Server 2022 Full Locale English AMI provided by Amazon",
            "ena_support": true,
            "executable_users": null,
            "filter": [
              {
                "name": "name",
                "values": [
                  "Windows_Server-2022-English-Full-Base-*"
                ]
              },
              {
                "name": "virtualization-type",
                "values": [
                  "hvm"
                ]
              }
            ],
            "hypervisor": "xen",
            "id": "ami-0345f44fe05216fc4",
            "image_id": "ami-0345f44fe05216fc4",
            "image_location": "amazon/Windows_Server-2022-English-Full-Base-2025.06.11",
            "image_owner_alias": "amazon",
            "image_type": "machine",
            "imds_support": "",
            "include_deprecated": false,
            "kernel_id": "",
            "last_launched_time": "",
            "most_recent": true,
            "name": "Windows_Server-2022-English-Full-Base-2025.06.11",
            "name_regex": null,
            "owner_id": "801119661308",
            "owners": [
              "amazon"
            ],
            "platform": "windows",
            "platform_details": "Windows",
            "product_codes": [],
            "public": true,
            "ramdisk_id": "",
            "root_device_name": "/dev/sda1",
            "root_device_type": "ebs",
            "root_snapshot_id": "snap-0d4994300e453662c",
            "sriov_net_support": "simple",
            "state": "available",
            "state_reason": {
              "code": "UNSET",
              "message": "UNSET"
            },
            "tags": {},
            "timeouts": null,
            "tpm_support": "",
            "uefi_data": null,
            "usage_operation": "RunInstances:0002",
            "virtualization_type": "hvm"
          },
          "sensitive_attributes": []
        }
      ]
    },
    {
      "mode": "data",
      "type": "aws_availability_zones",
      "name": "available",
      "provider": "provider[\"registry.terraform.io/hashicorp/aws\"]",
      "instances": [
        {
          "schema_version": 0,
          "attributes": {
            "all_availability_zones": null,
            "exclude_names": null,
            "exclude_zone_ids": null,
            "filter": null,
            "group_names": [
              "us-east-1-zg-1"
            ],
            "id": "us-east-1",
            "names": [
              "us-east-1a",
              "us-east-1b",
              "us-east-1c",
              "us-east-1d",
              "us-east-1e",
              "us-east-1f"
            ],
            "state": "available",
            "timeouts": null,
            "zone_ids": [
              "use1-az4",
              "use1-az6",
              "use1-az1",
              "use1-az2",
              "use1-az3",
              "use1-az5"
            ]
          },
          "sensitive_attributes": []
        }
      ]
    },
    {
      "mode": "data",
      "type": "aws_caller_identity",
      "name": "current",
      "provider": "provider[\"registry.terraform.io/hashicorp/aws\"]",
      "instances": [
        {
          "schema_version": 0,
          "attributes": {
            "account_id": "194722441708",
            "arn": "arn:aws:iam::194722441708:user/asterra",
            "id": "194722441708",
            "user_id": "AIDAS2VS4VHWAJFXJ4NIL"
          },
          "sensitive_attributes": []
        }
      ]
    },
    {
      "mode": "data",
      "type": "aws_region",
      "name": "current",
      "provider": "provider[\"registry.terraform.io/hashicorp/aws\"]",
      "instances": [
        {
          "schema_version": 0,
          "attributes": {
            "description": "US East (N. Virginia)",
            "endpoint": "ec2.us-east-1.amazonaws.com",
            "id": "us-east-1",
            "name": "us-east-1"
          },
          "sensitive_attributes": []
        }
      ]
    },
    {
      "mode": "managed",
      "type": "aws_autoscaling_group",
      "name": "public_asg",
      "provider": "provider[\"registry.terraform.io/hashicorp/aws\"]",
      "instances": [
        {
          "schema_version": 1,
          "attributes": {
            "arn": "arn:aws:autoscaling:us-east-1:194722441708:autoScalingGroup:6cf29e33-762e-4f4e-b8d7-be159e0aa4af:autoScalingGroupName/asterra-public-asg",
            "availability_zone_distribution": [
              {
                "capacity_distribution_strategy": "balanced-best-effort"
              }
            ],
            "availability_zones": [
              "us-east-1a",
              "us-east-1b"
            ],
            "capacity_rebalance": false,
            "capacity_reservation_specification": [
              {
                "capacity_reservation_preference": "default",
                "capacity_reservation_target": []
              }
            ],
            "context": "",
            "default_cooldown": 300,
            "default_instance_warmup": 0,
            "desired_capacity": 1,
            "desired_capacity_type": "",
            "enabled_metrics": [],
            "force_delete": false,
            "force_delete_warm_pool": false,
            "health_check_grace_period": 300,
            "health_check_type": "ELB",
            "id": "asterra-public-asg",
            "ignore_failed_scaling_activities": false,
            "initial_lifecycle_hook": [],
            "instance_maintenance_policy": [],
            "instance_refresh": [],
            "launch_configuration": "",
            "launch_template": [
              {
                "id": "lt-0f6d614c907340b8b",
                "name": "asterra-public-20250709175446124700000002",
                "version": "$Latest"
              }
            ],
            "load_balancers": [],
            "max_instance_lifetime": 0,
            "max_size": 3,
            "metrics_granularity": "1Minute",
            "min_elb_capacity": null,
            "min_size": 1,
            "mixed_instances_policy": [],
            "name": "asterra-public-asg",
            "name_prefix": "",
            "placement_group": "",
            "predicted_capacity": 0,
            "protect_from_scale_in": false,
            "service_linked_role_arn": "arn:aws:iam::194722441708:role/aws-service-role/autoscaling.amazonaws.com/AWSServiceRoleForAutoScaling",
            "suspended_processes": [],
            "tag": [
              {
                "key": "Environment",
                "propagate_at_launch": true,
                "value": "assignment"
              },
              {
                "key": "Name",
                "propagate_at_launch": false,
                "value": "asterra-public-asg"
              }
            ],
            "target_group_arns": [
              "arn:aws:elasticloadbalancing:us-east-1:194722441708:targetgroup/asterra-public-tg/b608ac7e87c9675a"
            ],
            "termination_policies": [],
            "timeouts": null,
            "traffic_source": [
              {
                "identifier": "arn:aws:elasticloadbalancing:us-east-1:194722441708:targetgroup/asterra-public-tg/b608ac7e87c9675a",
                "type": "elbv2"
              }
            ],
            "vpc_zone_identifier": [
              "subnet-0390306e589945532",
              "subnet-0cb25c7185de8aed4"
            ],
            "wait_for_capacity_timeout": "10m",
            "wait_for_elb_capacity": null,
            "warm_pool": [],
            "warm_pool_size": 0
          },
          "sensitive_attributes": [],
          "private": "eyJlMmJmYjczMC1lY2FhLTExZTYtOGY4OC0zNDM2M2JjN2M0YzAiOnsiZGVsZXRlIjo2MDAwMDAwMDAwMDAsInVwZGF0ZSI6NjAwMDAwMDAwMDAwfSwic2NoZW1hX3ZlcnNpb24iOiIxIn0=",
          "dependencies": [
            "aws_db_instance.postgres",
            "aws_db_parameter_group.postgres_postgis",
            "aws_db_subnet_group.main",
            "aws_iam_instance_profile.ec2_profile",
            "aws_iam_role.ec2_role",
            "aws_iam_role.rds_monitoring",
            "aws_key_pair.main",
            "aws_launch_template.public_server",
            "aws_lb_target_group.public_tg",
            "aws_secretsmanager_secret.db_credentials",
            "aws_security_group.database_sg",
            "aws_security_group.private_sg",
            "aws_security_group.public_sg",
            "aws_subnet.database",
            "aws_subnet.public",
            "aws_vpc.main",
            "data.aws_ami.ubuntu",
            "data.aws_availability_zones.available"
          ]
        }
      ]
    },
    {
      "mode": "managed",
      "type": "aws_autoscaling_policy",
      "name": "scale_up",
      "provider": "provider[\"registry.terraform.io/hashicorp/aws\"]",
      "instances": [
        {
          "schema_version": 0,
          "attributes": {
            "adjustment_type": "ChangeInCapacity",
            "arn": "arn:aws:autoscaling:us-east-1:194722441708:scalingPolicy:ecbb0c6a-1983-44e5-874f-367573970e62:autoScalingGroupName/asterra-public-asg:policyName/asterra-scale-up",
            "autoscaling_group_name": "asterra-public-asg",
            "cooldown": 300,
            "enabled": true,
            "estimated_instance_warmup": 0,
            "id": "asterra-scale-up",
            "metric_aggregation_type": "",
            "min_adjustment_magnitude": 0,
            "name": "asterra-scale-up",
            "policy_type": "SimpleScaling",
            "predictive_scaling_configuration": [],
            "scaling_adjustment": 1,
            "step_adjustment": [],
            "target_tracking_configuration": []
          },
          "sensitive_attributes": [],
          "private": "bnVsbA==",
          "dependencies": [
            "aws_autoscaling_group.public_asg",
            "aws_db_instance.postgres",
            "aws_db_parameter_group.postgres_postgis",
            "aws_db_subnet_group.main",
            "aws_iam_instance_profile.ec2_profile",
            "aws_iam_role.ec2_role",
            "aws_iam_role.rds_monitoring",
            "aws_key_pair.main",
            "aws_launch_template.public_server",
            "aws_lb_target_group.public_tg",
            "aws_secretsmanager_secret.db_credentials",
            "aws_security_group.database_sg",
            "aws_security_group.private_sg",
            "aws_security_group.public_sg",
            "aws_subnet.database",
            "aws_subnet.public",
            "aws_vpc.main",
            "data.aws_ami.ubuntu",
            "data.aws_availability_zones.available"
          ]
        }
      ]
    },
    {
      "mode": "managed",
      "type": "aws_cloudwatch_dashboard",
      "name": "asterra_dashboard",
      "provider": "provider[\"registry.terraform.io/hashicorp/aws\"]",
      "instances": [
        {
          "schema_version": 0,
          "attributes": {
            "dashboard_arn": "arn:aws:cloudwatch::194722441708:dashboard/asterra-assignment-assignment-dashboard",
            "dashboard_body": "{\"widgets\":[{\"height\":6,\"properties\":{\"metrics\":[[\"AWS/ApplicationELB\",\"RequestCount\",\"LoadBalancer\",\"app/asterra-public-alb/8d182187172c36dd\"],[\".\",\"TargetResponseTime\",\".\",\".\"],[\".\",\"HTTPCode_Target_2XX_Count\",\".\",\".\"],[\".\",\"HTTPCode_Target_4XX_Count\",\".\",\".\"],[\".\",\"HTTPCode_Target_5XX_Count\",\".\",\".\"]],\"period\":300,\"region\":\"us-east-1\",\"stacked\":false,\"title\":\"Application Load Balancer Metrics\",\"view\":\"timeSeries\"},\"type\":\"metric\",\"width\":12,\"x\":0,\"y\":0},{\"height\":6,\"properties\":{\"metrics\":[[\"AWS/ECS\",\"CPUUtilization\",\"ServiceName\",\"asterra-geojson-processor\",\"ClusterName\",\"asterra-cluster\"],[\".\",\"MemoryUtilization\",\".\",\".\",\".\",\".\"],[\".\",\"RunningTaskCount\",\".\",\".\",\".\",\".\"]],\"period\":300,\"region\":\"us-east-1\",\"stacked\":false,\"title\":\"ECS Service Metrics\",\"view\":\"timeSeries\"},\"type\":\"metric\",\"width\":12,\"x\":0,\"y\":6}]}",
            "dashboard_name": "asterra-assignment-assignment-dashboard",
            "id": "asterra-assignment-assignment-dashboard"
          },
          "sensitive_attributes": [],
          "private": "bnVsbA==",
          "dependencies": [
            "aws_cloudwatch_log_group.ecs_logs",
            "aws_ecr_repository.app_repo",
            "aws_ecs_cluster.main",
            "aws_ecs_service.geojson_processor",
            "aws_ecs_task_definition.geojson_processor",
            "aws_iam_role.ecs_execution_role",
            "aws_iam_role.ecs_task_role",
            "aws_lb.public_alb",
            "aws_s3_bucket.data_ingestion",
            "aws_secretsmanager_secret.db_credentials",
            "aws_security_group.alb_sg",
            "aws_security_group.private_sg",
            "aws_security_group.public_sg",
            "aws_subnet.private",
            "aws_subnet.public",
            "aws_vpc.main",
            "data.aws_availability_zones.available",
            "data.aws_region.current",
            "random_id.bucket_suffix"
          ]
        }
      ]
    },
    {
      "mode": "managed",
      "type": "aws_cloudwatch_log_group",
      "name": "ecs_logs",
      "provider": "provider[\"registry.terraform.io/hashicorp/aws\"]",
      "instances": [
        {
          "schema_version": 0,
          "attributes": {
            "arn": "arn:aws:logs:us-east-1:194722441708:log-group:/ecs/asterra-app",
            "id": "/ecs/asterra-app",
            "kms_key_id": "",
            "log_group_class": "STANDARD",
            "name": "/ecs/asterra-app",
            "name_prefix": "",
            "retention_in_days": 7,
            "skip_destroy": false,
            "tags": {
              "Environment": "assignment",
              "Name": "asterra-ecs-logs"
            },
            "tags_all": {
              "Environment": "assignment",
              "Name": "asterra-ecs-logs"
            }
          },
          "sensitive_attributes": [],
          "private": "bnVsbA=="
        }
      ]
    },
    {
      "mode": "managed",
      "type": "aws_cloudwatch_log_group",
      "name": "lambda_logs",
      "provider": "provider[\"registry.terraform.io/hashicorp/aws\"]",
      "instances": [
        {
          "schema_version": 0,
          "attributes": {
            "arn": "arn:aws:logs:us-east-1:194722441708:log-group:/aws/lambda/asterra-assignment-assignment-s3-geojson-processor",
            "id": "/aws/lambda/asterra-assignment-assignment-s3-geojson-processor",
            "kms_key_id": "",
            "log_group_class": "STANDARD",
            "name": "/aws/lambda/asterra-assignment-assignment-s3-geojson-processor",
            "name_prefix": "",
            "retention_in_days": 7,
            "skip_destroy": false,
            "tags": {
              "Environment": "assignment",
              "ManagedBy": "terraform",
              "Owner": "devops-candidate",
              "Project": "asterra-assignment"
            },
            "tags_all": {
              "Environment": "assignment",
              "ManagedBy": "terraform",
              "Owner": "devops-candidate",
              "Project": "asterra-assignment"
            }
          },
          "sensitive_attributes": [],
          "private": "bnVsbA=="
        }
      ]
    },
    {
      "mode": "managed",
      "type": "aws_cloudwatch_log_group",
      "name": "postgres_logs",
      "provider": "provider[\"registry.terraform.io/hashicorp/aws\"]",
      "instances": [
        {
          "schema_version": 0,
          "attributes": {
            "arn": "arn:aws:logs:us-east-1:194722441708:log-group:/aws/rds/instance/asterra-postgres-gis/postgresql",
            "id": "/aws/rds/instance/asterra-postgres-gis/postgresql",
            "kms_key_id": "",
            "log_group_class": "STANDARD",
            "name": "/aws/rds/instance/asterra-postgres-gis/postgresql",
            "name_prefix": "",
            "retention_in_days": 7,
            "skip_destroy": false,
            "tags": {
              "Environment": "assignment",
              "Name": "asterra-postgres-logs"
            },
            "tags_all": {
              "Environment": "assignment",
              "Name": "asterra-postgres-logs"
            }
          },
          "sensitive_attributes": [],
          "private": "bnVsbA=="
        }
      ]
    },
    {
      "mode": "managed",
      "type": "aws_cloudwatch_log_group",
      "name": "s3_access_logs",
      "provider": "provider[\"registry.terraform.io/hashicorp/aws\"]",
      "instances": [
        {
          "schema_version": 0,
          "attributes": {
            "arn": "arn:aws:logs:us-east-1:194722441708:log-group:/aws/s3/access-logs",
            "id": "/aws/s3/access-logs",
            "kms_key_id": "",
            "log_group_class": "STANDARD",
            "name": "/aws/s3/access-logs",
            "name_prefix": "",
            "retention_in_days": 7,
            "skip_destroy": false,
            "tags": {
              "Environment": "assignment",
              "Name": "asterra-s3-access-logs"
            },
            "tags_all": {
              "Environment": "assignment",
              "Name": "asterra-s3-access-logs"
            }
          },
          "sensitive_attributes": [],
          "private": "bnVsbA=="
        }
      ]
    },
    {
      "mode": "managed",
      "type": "aws_cloudwatch_metric_alarm",
      "name": "cpu_high",
      "provider": "provider[\"registry.terraform.io/hashicorp/aws\"]",
      "instances": [
        {
          "schema_version": 1,
          "attributes": {
            "actions_enabled": true,
            "alarm_actions": [
              "arn:aws:autoscaling:us-east-1:194722441708:scalingPolicy:ecbb0c6a-1983-44e5-874f-367573970e62:autoScalingGroupName/asterra-public-asg:policyName/asterra-scale-up"
            ],
            "alarm_description": "This metric monitors ec2 cpu utilization",
            "alarm_name": "asterra-cpu-high",
            "arn": "arn:aws:cloudwatch:us-east-1:194722441708:alarm:asterra-cpu-high",
            "comparison_operator": "GreaterThanThreshold",
            "datapoints_to_alarm": 0,
            "dimensions": {
              "AutoScalingGroupName": "asterra-public-asg"
            },
            "evaluate_low_sample_count_percentiles": "",
            "evaluation_periods": 2,
            "extended_statistic": "",
            "id": "asterra-cpu-high",
            "insufficient_data_actions": [],
            "metric_name": "CPUUtilization",
            "metric_query": [],
            "namespace": "AWS/EC2",
            "ok_actions": [],
            "period": 120,
            "statistic": "Average",
            "tags": {},
            "tags_all": {},
            "threshold": 70,
            "threshold_metric_id": "",
            "treat_missing_data": "missing",
            "unit": ""
          },
          "sensitive_attributes": [],
          "private": "eyJzY2hlbWFfdmVyc2lvbiI6IjEifQ==",
          "dependencies": [
            "aws_autoscaling_group.public_asg",
            "aws_autoscaling_policy.scale_up",
            "aws_db_instance.postgres",
            "aws_db_parameter_group.postgres_postgis",
            "aws_db_subnet_group.main",
            "aws_iam_instance_profile.ec2_profile",
            "aws_iam_role.ec2_role",
            "aws_iam_role.rds_monitoring",
            "aws_key_pair.main",
            "aws_launch_template.public_server",
            "aws_lb_target_group.public_tg",
            "aws_secretsmanager_secret.db_credentials",
            "aws_security_group.database_sg",
            "aws_security_group.private_sg",
            "aws_security_group.public_sg",
            "aws_subnet.database",
            "aws_subnet.public",
            "aws_vpc.main",
            "data.aws_ami.ubuntu",
            "data.aws_availability_zones.available"
          ]
        }
      ]
    },
    {
      "mode": "managed",
      "type": "aws_db_instance",
      "name": "postgres",
      "provider": "provider[\"registry.terraform.io/hashicorp/aws\"]",
      "instances": [
        {
          "schema_version": 2,
          "attributes": {
            "address": "asterra-postgres-gis.chiegsm6e8tt.us-east-1.rds.amazonaws.com",
            "allocated_storage": 20,
            "allow_major_version_upgrade": null,
            "apply_immediately": false,
            "arn": "arn:aws:rds:us-east-1:194722441708:db:asterra-postgres-gis",
            "auto_minor_version_upgrade": true,
            "availability_zone": "us-east-1a",
            "backup_retention_period": 7,
            "backup_target": "region",
            "backup_window": "03:00-04:00",
            "blue_green_update": [],
            "ca_cert_identifier": "rds-ca-rsa2048-g1",
            "character_set_name": "",
            "copy_tags_to_snapshot": false,
            "custom_iam_instance_profile": "",
            "customer_owned_ip_enabled": false,
            "database_insights_mode": "standard",
            "db_name": "asterra_gis",
            "db_subnet_group_name": "asterra-db-subnet-group",
            "dedicated_log_volume": false,
            "delete_automated_backups": true,
            "deletion_protection": false,
            "domain": "",
            "domain_auth_secret_arn": "",
            "domain_dns_ips": [],
            "domain_fqdn": "",
            "domain_iam_role_name": "",
            "domain_ou": "",
            "enabled_cloudwatch_logs_exports": [],
            "endpoint": "asterra-postgres-gis.chiegsm6e8tt.us-east-1.rds.amazonaws.com:5432",
            "engine": "postgres",
            "engine_lifecycle_support": "open-source-rds-extended-support",
            "engine_version": "15.8",
            "engine_version_actual": "15.8",
            "final_snapshot_identifier": null,
            "hosted_zone_id": "Z2R2ITUGPM61AM",
            "iam_database_authentication_enabled": false,
            "id": "db-Y24MGUM37OX67BLN5RUXNZXDBQ",
            "identifier": "asterra-postgres-gis",
            "identifier_prefix": "",
            "instance_class": "db.t3.micro",
            "iops": 3000,
            "kms_key_id": "arn:aws:kms:us-east-1:194722441708:key/b5783e4c-2745-45a3-beef-a4267a263c35",
            "latest_restorable_time": "2025-07-09T20:34:33Z",
            "license_model": "postgresql-license",
            "listener_endpoint": [],
            "maintenance_window": "sun:04:00-sun:05:00",
            "manage_master_user_password": null,
            "master_user_secret": [],
            "master_user_secret_kms_key_id": null,
            "max_allocated_storage": 100,
            "monitoring_interval": 60,
            "monitoring_role_arn": "arn:aws:iam::194722441708:role/asterra-rds-monitoring-role",
            "multi_az": false,
            "nchar_character_set_name": "",
            "network_type": "IPV4",
            "option_group_name": "default:postgres-15",
            "parameter_group_name": "asterra-postgres-postgis-v2",
            "password": "Aa12345678912345",
            "password_wo": null,
            "password_wo_version": null,
            "performance_insights_enabled": true,
            "performance_insights_kms_key_id": "arn:aws:kms:us-east-1:194722441708:key/b5783e4c-2745-45a3-beef-a4267a263c35",
            "performance_insights_retention_period": 7,
            "port": 5432,
            "publicly_accessible": false,
            "replica_mode": "",
            "replicas": [],
            "replicate_source_db": "",
            "resource_id": "db-Y24MGUM37OX67BLN5RUXNZXDBQ",
            "restore_to_point_in_time": [],
            "s3_import": [],
            "skip_final_snapshot": true,
            "snapshot_identifier": null,
            "status": "available",
            "storage_encrypted": true,
            "storage_throughput": 125,
            "storage_type": "gp3",
            "tags": {
              "Environment": "assignment",
              "Name": "asterra-postgres-gis",
              "Purpose": "GeoJSON processing and storage"
            },
            "tags_all": {
              "Environment": "assignment",
              "Name": "asterra-postgres-gis",
              "Purpose": "GeoJSON processing and storage"
            },
            "timeouts": null,
            "timezone": "",
            "upgrade_storage_config": null,
            "username": "postgres",
            "vpc_security_group_ids": [
              "sg-0ba78f4aec837247c"
            ]
          },
          "sensitive_attributes": [
            [
              {
                "type": "get_attr",
                "value": "password_wo"
              }
            ],
            [
              {
                "type": "get_attr",
                "value": "password"
              }
            ]
          ],
          "private": "eyJlMmJmYjczMC1lY2FhLTExZTYtOGY4OC0zNDM2M2JjN2M0YzAiOnsiY3JlYXRlIjozMDAwMDAwMDAwMDAwLCJkZWxldGUiOjM2MDAwMDAwMDAwMDAsInVwZGF0ZSI6NDgwMDAwMDAwMDAwMH0sInNjaGVtYV92ZXJzaW9uIjoiMiJ9",
          "dependencies": [
            "aws_db_parameter_group.postgres_postgis",
            "aws_db_subnet_group.main",
            "aws_iam_role.rds_monitoring",
            "aws_security_group.database_sg",
            "aws_security_group.private_sg",
            "aws_security_group.public_sg",
            "aws_subnet.database",
            "aws_subnet.public",
            "aws_vpc.main",
            "data.aws_availability_zones.available"
          ]
        }
      ]
    },
    {
      "mode": "managed",
      "type": "aws_db_parameter_group",
      "name": "postgres_postgis",
      "provider": "provider[\"registry.terraform.io/hashicorp/aws\"]",
      "instances": [
        {
          "schema_version": 0,
          "attributes": {
            "arn": "arn:aws:rds:us-east-1:194722441708:pg:asterra-postgres-postgis-v2",
            "description": "Managed by Terraform",
            "family": "postgres15",
            "id": "asterra-postgres-postgis-v2",
            "name": "asterra-postgres-postgis-v2",
            "name_prefix": "",
            "parameter": [
              {
                "apply_method": "pending-reboot",
                "name": "max_connections",
                "value": "200"
              },
              {
                "apply_method": "pending-reboot",
                "name": "shared_buffers",
                "value": "{DBInstanceClassMemory/4}"
              }
            ],
            "skip_destroy": false,
            "tags": {
              "Environment": "assignment",
              "Name": "asterra-postgres-postgis-v2"
            },
            "tags_all": {
              "Environment": "assignment",
              "Name": "asterra-postgres-postgis-v2"
            }
          },
          "sensitive_attributes": [],
          "private": "bnVsbA=="
        }
      ]
    },
    {
      "mode": "managed",
      "type": "aws_db_subnet_group",
      "name": "main",
      "provider": "provider[\"registry.terraform.io/hashicorp/aws\"]",
      "instances": [
        {
          "schema_version": 0,
          "attributes": {
            "arn": "arn:aws:rds:us-east-1:194722441708:subgrp:asterra-db-subnet-group",
            "description": "Managed by Terraform",
            "id": "asterra-db-subnet-group",
            "name": "asterra-db-subnet-group",
            "name_prefix": "",
            "subnet_ids": [
              "subnet-01d02b1899693bf5d",
              "subnet-0db3601129ddef119"
            ],
            "supported_network_types": [
              "IPV4"
            ],
            "tags": {
              "Environment": "assignment",
              "Name": "asterra-db-subnet-group"
            },
            "tags_all": {
              "Environment": "assignment",
              "Name": "asterra-db-subnet-group"
            },
            "vpc_id": "vpc-0848ba8a968a279de"
          },
          "sensitive_attributes": [],
          "private": "bnVsbA==",
          "dependencies": [
            "aws_subnet.database",
            "aws_vpc.main",
            "data.aws_availability_zones.available"
          ]
        }
      ]
    },
    {
      "mode": "managed",
      "type": "aws_ecr_repository",
      "name": "app_repo",
      "provider": "provider[\"registry.terraform.io/hashicorp/aws\"]",
      "instances": [
        {
          "schema_version": 0,
          "attributes": {
            "arn": "arn:aws:ecr:us-east-1:194722441708:repository/asterra-app",
            "encryption_configuration": [
              {
                "encryption_type": "AES256",
                "kms_key": ""
              }
            ],
            "force_delete": null,
            "id": "asterra-app",
            "image_scanning_configuration": [
              {
                "scan_on_push": true
              }
            ],
            "image_tag_mutability": "MUTABLE",
            "name": "asterra-app",
            "registry_id": "194722441708",
            "repository_url": "194722441708.dkr.ecr.us-east-1.amazonaws.com/asterra-app",
            "tags": {
              "Environment": "assignment",
              "Name": "asterra-app-repo"
            },
            "tags_all": {
              "Environment": "assignment",
              "Name": "asterra-app-repo"
            },
            "timeouts": null
          },
          "sensitive_attributes": [],
          "private": "eyJlMmJmYjczMC1lY2FhLTExZTYtOGY4OC0zNDM2M2JjN2M0YzAiOnsiZGVsZXRlIjoxMjAwMDAwMDAwMDAwfX0="
        }
      ]
    },
    {
      "mode": "managed",
      "type": "aws_ecs_cluster",
      "name": "main",
      "provider": "provider[\"registry.terraform.io/hashicorp/aws\"]",
      "instances": [
        {
          "schema_version": 0,
          "attributes": {
            "arn": "arn:aws:ecs:us-east-1:194722441708:cluster/asterra-cluster",
            "configuration": [
              {
                "execute_command_configuration": [
                  {
                    "kms_key_id": "",
                    "log_configuration": [
                      {
                        "cloud_watch_encryption_enabled": false,
                        "cloud_watch_log_group_name": "/ecs/asterra-app",
                        "s3_bucket_encryption_enabled": false,
                        "s3_bucket_name": "",
                        "s3_key_prefix": ""
                      }
                    ],
                    "logging": "OVERRIDE"
                  }
                ],
                "managed_storage_configuration": []
              }
            ],
            "id": "arn:aws:ecs:us-east-1:194722441708:cluster/asterra-cluster",
            "name": "asterra-cluster",
            "service_connect_defaults": [],
            "setting": [
              {
                "name": "containerInsights",
                "value": "disabled"
              }
            ],
            "tags": {
              "Environment": "assignment",
              "Name": "asterra-ecs-cluster"
            },
            "tags_all": {
              "Environment": "assignment",
              "Name": "asterra-ecs-cluster"
            }
          },
          "sensitive_attributes": [],
          "private": "bnVsbA==",
          "dependencies": [
            "aws_cloudwatch_log_group.ecs_logs"
          ]
        }
      ]
    },
    {
      "mode": "managed",
      "type": "aws_ecs_service",
      "name": "geojson_processor",
      "provider": "provider[\"registry.terraform.io/hashicorp/aws\"]",
      "instances": [
        {
          "schema_version": 1,
          "attributes": {
            "alarms": [],
            "availability_zone_rebalancing": "DISABLED",
            "capacity_provider_strategy": [],
            "cluster": "arn:aws:ecs:us-east-1:194722441708:cluster/asterra-cluster",
            "deployment_circuit_breaker": [
              {
                "enable": false,
                "rollback": false
              }
            ],
            "deployment_controller": [
              {
                "type": "ECS"
              }
            ],
            "deployment_maximum_percent": 200,
            "deployment_minimum_healthy_percent": 100,
            "desired_count": 1,
            "enable_ecs_managed_tags": false,
            "enable_execute_command": false,
            "force_delete": null,
            "force_new_deployment": null,
            "health_check_grace_period_seconds": 0,
            "iam_role": "/aws-service-role/ecs.amazonaws.com/AWSServiceRoleForECS",
            "id": "arn:aws:ecs:us-east-1:194722441708:service/asterra-cluster/asterra-geojson-processor",
            "launch_type": "FARGATE",
            "load_balancer": [],
            "name": "asterra-geojson-processor",
            "network_configuration": [
              {
                "assign_public_ip": false,
                "security_groups": [
                  "sg-063993e483a61c7af"
                ],
                "subnets": [
                  "subnet-0bb9914b2756dfd0a",
                  "subnet-0e2125ed973801e0d"
                ]
              }
            ],
            "ordered_placement_strategy": [],
            "placement_constraints": [],
            "platform_version": "LATEST",
            "propagate_tags": "NONE",
            "scheduling_strategy": "REPLICA",
            "service_connect_configuration": [],
            "service_registries": [],
            "tags": {
              "Environment": "assignment",
              "Name": "asterra-geojson-processor-service"
            },
            "tags_all": {
              "Environment": "assignment",
              "Name": "asterra-geojson-processor-service"
            },
            "task_definition": "arn:aws:ecs:us-east-1:194722441708:task-definition/asterra-geojson-processor:1",
            "timeouts": null,
            "triggers": {},
            "volume_configuration": [],
            "vpc_lattice_configurations": [],
            "wait_for_steady_state": false
          },
          "sensitive_attributes": [],
          "private": "eyJlMmJmYjczMC1lY2FhLTExZTYtOGY4OC0zNDM2M2JjN2M0YzAiOnsiY3JlYXRlIjoxMjAwMDAwMDAwMDAwLCJkZWxldGUiOjEyMDAwMDAwMDAwMDAsInVwZGF0ZSI6MTIwMDAwMDAwMDAwMH0sInNjaGVtYV92ZXJzaW9uIjoiMSJ9",
          "dependencies": [
            "aws_cloudwatch_log_group.ecs_logs",
            "aws_ecr_repository.app_repo",
            "aws_ecs_cluster.main",
            "aws_ecs_task_definition.geojson_processor",
            "aws_iam_role.ecs_execution_role",
            "aws_iam_role.ecs_task_role",
            "aws_s3_bucket.data_ingestion",
            "aws_secretsmanager_secret.db_credentials",
            "aws_security_group.private_sg",
            "aws_security_group.public_sg",
            "aws_subnet.private",
            "aws_subnet.public",
            "aws_vpc.main",
            "data.aws_availability_zones.available",
            "data.aws_region.current",
            "random_id.bucket_suffix"
          ]
        }
      ]
    },
    {
      "mode": "managed",
      "type": "aws_ecs_task_definition",
      "name": "geojson_processor",
      "provider": "provider[\"registry.terraform.io/hashicorp/aws\"]",
      "instances": [
        {
          "schema_version": 1,
          "attributes": {
            "arn": "arn:aws:ecs:us-east-1:194722441708:task-definition/asterra-geojson-processor:1",
            "arn_without_revision": "arn:aws:ecs:us-east-1:194722441708:task-definition/asterra-geojson-processor",
            "container_definitions": "[{\"environment\":[{\"name\":\"AWS_DEFAULT_REGION\",\"value\":\"us-east-1\"},{\"name\":\"DB_SECRET_ARN\",\"value\":\"arn:aws:secretsmanager:us-east-1:194722441708:secret:asterra/database/credentials-tMiePH\"},{\"name\":\"S3_BUCKET\",\"value\":\"asterra-data-ingestion-94d54dba\"}],\"essential\":true,\"image\":\"194722441708.dkr.ecr.us-east-1.amazonaws.com/asterra-app:latest\",\"logConfiguration\":{\"logDriver\":\"awslogs\",\"options\":{\"awslogs-group\":\"/ecs/asterra-app\",\"awslogs-region\":\"us-east-1\",\"awslogs-stream-prefix\":\"ecs\"}},\"mountPoints\":[],\"name\":\"geojson-processor\",\"portMappings\":[],\"systemControls\":[],\"volumesFrom\":[]}]",
            "cpu": "256",
            "enable_fault_injection": false,
            "ephemeral_storage": [],
            "execution_role_arn": "arn:aws:iam::194722441708:role/asterra-ecs-execution-role",
            "family": "asterra-geojson-processor",
            "id": "asterra-geojson-processor",
            "inference_accelerator": [],
            "ipc_mode": "",
            "memory": "512",
            "network_mode": "awsvpc",
            "pid_mode": "",
            "placement_constraints": [],
            "proxy_configuration": [],
            "requires_compatibilities": [
              "FARGATE"
            ],
            "revision": 1,
            "runtime_platform": [],
            "skip_destroy": false,
            "tags": {
              "Environment": "assignment",
              "Name": "asterra-geojson-processor"
            },
            "tags_all": {
              "Environment": "assignment",
              "Name": "asterra-geojson-processor"
            },
            "task_role_arn": "arn:aws:iam::194722441708:role/asterra-ecs-task-role",
            "track_latest": false,
            "volume": []
          },
          "sensitive_attributes": [],
          "private": "eyJzY2hlbWFfdmVyc2lvbiI6IjEifQ==",
          "dependencies": [
            "aws_cloudwatch_log_group.ecs_logs",
            "aws_ecr_repository.app_repo",
            "aws_iam_role.ecs_execution_role",
            "aws_iam_role.ecs_task_role",
            "aws_s3_bucket.data_ingestion",
            "aws_secretsmanager_secret.db_credentials",
            "data.aws_region.current",
            "random_id.bucket_suffix"
          ]
        }
      ]
    },
    {
      "mode": "managed",
      "type": "aws_eip",
      "name": "nat",
      "provider": "provider[\"registry.terraform.io/hashicorp/aws\"]",
      "instances": [
        {
          "schema_version": 0,
          "attributes": {
            "address": null,
            "allocation_id": "eipalloc-08e69787e97e7e4ea",
            "arn": "arn:aws:ec2:us-east-1:194722441708:elastic-ip/eipalloc-08e69787e97e7e4ea",
            "associate_with_private_ip": null,
            "association_id": "eipassoc-03b130da366fa02a6",
            "carrier_ip": "",
            "customer_owned_ip": "",
            "customer_owned_ipv4_pool": "",
            "domain": "vpc",
            "id": "eipalloc-08e69787e97e7e4ea",
            "instance": "",
            "ipam_pool_id": null,
            "network_border_group": "us-east-1",
            "network_interface": "eni-0253819bb168eb446",
            "private_dns": "ip-10-0-1-56.ec2.internal",
            "private_ip": "10.0.1.56",
            "ptr_record": "",
            "public_dns": "ec2-3-230-28-204.compute-1.amazonaws.com",
            "public_ip": "3.230.28.204",
            "public_ipv4_pool": "amazon",
            "tags": {
              "Environment": "assignment",
              "Name": "asterra-nat-eip"
            },
            "tags_all": {
              "Environment": "assignment",
              "Name": "asterra-nat-eip"
            },
            "timeouts": null,
            "vpc": true
          },
          "sensitive_attributes": [],
          "private": "eyJlMmJmYjczMC1lY2FhLTExZTYtOGY4OC0zNDM2M2JjN2M0YzAiOnsiZGVsZXRlIjoxODAwMDAwMDAwMDAsInJlYWQiOjkwMDAwMDAwMDAwMCwidXBkYXRlIjozMDAwMDAwMDAwMDB9fQ==",
          "dependencies": [
            "aws_internet_gateway.igw",
            "aws_vpc.main"
          ]
        }
      ]
    },
    {
      "mode": "managed",
      "type": "aws_iam_instance_profile",
      "name": "ec2_profile",
      "provider": "provider[\"registry.terraform.io/hashicorp/aws\"]",
      "instances": [
        {
          "schema_version": 0,
          "attributes": {
            "arn": "arn:aws:iam::194722441708:instance-profile/asterra-ec2-profile",
            "create_date": "2025-07-09T16:34:47Z",
            "id": "asterra-ec2-profile",
            "name": "asterra-ec2-profile",
            "name_prefix": "",
            "path": "/",
            "role": "asterra-ec2-role",
            "tags": {
              "Environment": "assignment",
              "Name": "asterra-ec2-profile"
            },
            "tags_all": {
              "Environment": "assignment",
              "Name": "asterra-ec2-profile"
            },
            "unique_id": "AIPAS2VS4VHWKNJ5HXW6B"
          },
          "sensitive_attributes": [],
          "private": "bnVsbA==",
          "dependencies": [
            "aws_iam_role.ec2_role"
          ]
        }
      ]
    },
    {
      "mode": "managed",
      "type": "aws_iam_policy",
      "name": "ec2_policy",
      "provider": "provider[\"registry.terraform.io/hashicorp/aws\"]",
      "instances": [
        {
          "schema_version": 0,
          "attributes": {
            "arn": "arn:aws:iam::194722441708:policy/asterra-ec2-policy",
            "attachment_count": 2,
            "description": "Policy for EC2 instances to access S3 and CloudWatch",
            "id": "arn:aws:iam::194722441708:policy/asterra-ec2-policy",
            "name": "asterra-ec2-policy",
            "name_prefix": "",
            "path": "/",
            "policy": "{\"Statement\":[{\"Action\":[\"s3:GetObject\",\"s3:PutObject\",\"s3:DeleteObject\",\"s3:ListBucket\"],\"Effect\":\"Allow\",\"Resource\":[\"arn:aws:s3:::asterra-data-ingestion-94d54dba\",\"arn:aws:s3:::asterra-data-ingestion-94d54dba/*\"]},{\"Action\":[\"logs:CreateLogGroup\",\"logs:CreateLogStream\",\"logs:PutLogEvents\",\"logs:DescribeLogStreams\",\"logs:DescribeLogGroups\"],\"Effect\":\"Allow\",\"Resource\":\"arn:aws:logs:*:*:*\"},{\"Action\":[\"secretsmanager:GetSecretValue\"],\"Effect\":\"Allow\",\"Resource\":\"arn:aws:secretsmanager:us-east-1:194722441708:secret:asterra/database/credentials-tMiePH\"},{\"Action\":[\"ecr:GetAuthorizationToken\",\"ecr:BatchCheckLayerAvailability\",\"ecr:GetDownloadUrlForLayer\",\"ecr:BatchGetImage\"],\"Effect\":\"Allow\",\"Resource\":\"*\"}],\"Version\":\"2012-10-17\"}",
            "policy_id": "ANPAS2VS4VHWJPC4DPTOR",
            "tags": {},
            "tags_all": {}
          },
          "sensitive_attributes": [],
          "private": "bnVsbA==",
          "dependencies": [
            "aws_s3_bucket.data_ingestion",
            "aws_secretsmanager_secret.db_credentials",
            "random_id.bucket_suffix"
          ]
        }
      ]
    },
    {
      "mode": "managed",
      "type": "aws_iam_policy",
      "name": "lambda_s3_processor_policy",
      "provider": "provider[\"registry.terraform.io/hashicorp/aws\"]",
      "instances": [
        {
          "schema_version": 0,
          "attributes": {
            "arn": "arn:aws:iam::194722441708:policy/asterra-assignment-assignment-lambda-s3-processor-policy",
            "attachment_count": 1,
            "description": "",
            "id": "arn:aws:iam::194722441708:policy/asterra-assignment-assignment-lambda-s3-processor-policy",
            "name": "asterra-assignment-assignment-lambda-s3-processor-policy",
            "name_prefix": "",
            "path": "/",
            "policy": "{\"Statement\":[{\"Action\":[\"logs:CreateLogGroup\",\"logs:CreateLogStream\",\"logs:PutLogEvents\"],\"Effect\":\"Allow\",\"Resource\":\"arn:aws:logs:*:*:*\"},{\"Action\":[\"s3:GetObject\",\"s3:GetObjectVersion\"],\"Effect\":\"Allow\",\"Resource\":\"arn:aws:s3:::asterra-data-ingestion-94d54dba/*\"},{\"Action\":[\"ecs:RunTask\"],\"Effect\":\"Allow\",\"Resource\":\"*\"},{\"Action\":[\"iam:PassRole\"],\"Effect\":\"Allow\",\"Resource\":\"*\"}],\"Version\":\"2012-10-17\"}",
            "policy_id": "ANPAS2VS4VHWCNFFGRTNZ",
            "tags": {
              "Environment": "assignment",
              "ManagedBy": "terraform",
              "Owner": "devops-candidate",
              "Project": "asterra-assignment"
            },
            "tags_all": {
              "Environment": "assignment",
              "ManagedBy": "terraform",
              "Owner": "devops-candidate",
              "Project": "asterra-assignment"
            }
          },
          "sensitive_attributes": [],
          "private": "bnVsbA==",
          "dependencies": [
            "aws_s3_bucket.data_ingestion",
            "random_id.bucket_suffix"
          ]
        }
      ]
    },
    {
      "mode": "managed",
      "type": "aws_iam_role",
      "name": "ec2_role",
      "provider": "provider[\"registry.terraform.io/hashicorp/aws\"]",
      "instances": [
        {
          "schema_version": 0,
          "attributes": {
            "arn": "arn:aws:iam::194722441708:role/asterra-ec2-role",
            "assume_role_policy": "{\"Statement\":[{\"Action\":\"sts:AssumeRole\",\"Effect\":\"Allow\",\"Principal\":{\"Service\":\"ec2.amazonaws.com\"}}],\"Version\":\"2012-10-17\"}",
            "create_date": "2025-07-09T16:34:46Z",
            "description": "",
            "force_detach_policies": false,
            "id": "asterra-ec2-role",
            "inline_policy": [],
            "managed_policy_arns": [
              "arn:aws:iam::194722441708:policy/asterra-ec2-policy"
            ],
            "max_session_duration": 3600,
            "name": "asterra-ec2-role",
            "name_prefix": "",
            "path": "/",
            "permissions_boundary": "",
            "tags": {
              "Environment": "assignment",
              "Name": "asterra-ec2-role"
            },
            "tags_all": {
              "Environment": "assignment",
              "Name": "asterra-ec2-role"
            },
            "unique_id": "AROAS2VS4VHWNGEDOMK2B"
          },
          "sensitive_attributes": [],
          "private": "bnVsbA=="
        }
      ]
    },
    {
      "mode": "managed",
      "type": "aws_iam_role",
      "name": "ecs_execution_role",
      "provider": "provider[\"registry.terraform.io/hashicorp/aws\"]",
      "instances": [
        {
          "schema_version": 0,
          "attributes": {
            "arn": "arn:aws:iam::194722441708:role/asterra-ecs-execution-role",
            "assume_role_policy": "{\"Statement\":[{\"Action\":\"sts:AssumeRole\",\"Effect\":\"Allow\",\"Principal\":{\"Service\":\"ecs-tasks.amazonaws.com\"}}],\"Version\":\"2012-10-17\"}",
            "create_date": "2025-07-09T16:34:47Z",
            "description": "",
            "force_detach_policies": false,
            "id": "asterra-ecs-execution-role",
            "inline_policy": [],
            "managed_policy_arns": [
              "arn:aws:iam::aws:policy/service-role/AmazonECSTaskExecutionRolePolicy"
            ],
            "max_session_duration": 3600,
            "name": "asterra-ecs-execution-role",
            "name_prefix": "",
            "path": "/",
            "permissions_boundary": "",
            "tags": {
              "Environment": "assignment",
              "Name": "asterra-ecs-execution-role"
            },
            "tags_all": {
              "Environment": "assignment",
              "Name": "asterra-ecs-execution-role"
            },
            "unique_id": "AROAS2VS4VHWFWHBFFI3C"
          },
          "sensitive_attributes": [],
          "private": "bnVsbA=="
        }
      ]
    },
    {
      "mode": "managed",
      "type": "aws_iam_role",
      "name": "ecs_task_role",
      "provider": "provider[\"registry.terraform.io/hashicorp/aws\"]",
      "instances": [
        {
          "schema_version": 0,
          "attributes": {
            "arn": "arn:aws:iam::194722441708:role/asterra-ecs-task-role",
            "assume_role_policy": "{\"Statement\":[{\"Action\":\"sts:AssumeRole\",\"Effect\":\"Allow\",\"Principal\":{\"Service\":\"ecs-tasks.amazonaws.com\"}}],\"Version\":\"2012-10-17\"}",
            "create_date": "2025-07-09T16:34:46Z",
            "description": "",
            "force_detach_policies": false,
            "id": "asterra-ecs-task-role",
            "inline_policy": [],
            "managed_policy_arns": [
              "arn:aws:iam::194722441708:policy/asterra-ec2-policy"
            ],
            "max_session_duration": 3600,
            "name": "asterra-ecs-task-role",
            "name_prefix": "",
            "path": "/",
            "permissions_boundary": "",
            "tags": {
              "Environment": "assignment",
              "Name": "asterra-ecs-task-role"
            },
            "tags_all": {
              "Environment": "assignment",
              "Name": "asterra-ecs-task-role"
            },
            "unique_id": "AROAS2VS4VHWKEJ6EJUXR"
          },
          "sensitive_attributes": [],
          "private": "bnVsbA=="
        }
      ]
    },
    {
      "mode": "managed",
      "type": "aws_iam_role",
      "name": "lambda_s3_processor",
      "provider": "provider[\"registry.terraform.io/hashicorp/aws\"]",
      "instances": [
        {
          "schema_version": 0,
          "attributes": {
            "arn": "arn:aws:iam::194722441708:role/asterra-assignment-assignment-lambda-s3-processor",
            "assume_role_policy": "{\"Statement\":[{\"Action\":\"sts:AssumeRole\",\"Effect\":\"Allow\",\"Principal\":{\"Service\":\"lambda.amazonaws.com\"}}],\"Version\":\"2012-10-17\"}",
            "create_date": "2025-07-09T16:34:46Z",
            "description": "",
            "force_detach_policies": false,
            "id": "asterra-assignment-assignment-lambda-s3-processor",
            "inline_policy": [],
            "managed_policy_arns": [
              "arn:aws:iam::194722441708:policy/asterra-assignment-assignment-lambda-s3-processor-policy",
              "arn:aws:iam::aws:policy/service-role/AWSLambdaBasicExecutionRole"
            ],
            "max_session_duration": 3600,
            "name": "asterra-assignment-assignment-lambda-s3-processor",
            "name_prefix": "",
            "path": "/",
            "permissions_boundary": "",
            "tags": {
              "Environment": "assignment",
              "ManagedBy": "terraform",
              "Owner": "devops-candidate",
              "Project": "asterra-assignment"
            },
            "tags_all": {
              "Environment": "assignment",
              "ManagedBy": "terraform",
              "Owner": "devops-candidate",
              "Project": "asterra-assignment"
            },
            "unique_id": "AROAS2VS4VHWLUUVNPN6Z"
          },
          "sensitive_attributes": [],
          "private": "bnVsbA=="
        }
      ]
    },
    {
      "mode": "managed",
      "type": "aws_iam_role",
      "name": "rds_monitoring",
      "provider": "provider[\"registry.terraform.io/hashicorp/aws\"]",
      "instances": [
        {
          "schema_version": 0,
          "attributes": {
            "arn": "arn:aws:iam::194722441708:role/asterra-rds-monitoring-role",
            "assume_role_policy": "{\"Statement\":[{\"Action\":\"sts:AssumeRole\",\"Effect\":\"Allow\",\"Principal\":{\"Service\":\"monitoring.rds.amazonaws.com\"}}],\"Version\":\"2012-10-17\"}",
            "create_date": "2025-07-09T16:52:45Z",
            "description": "",
            "force_detach_policies": false,
            "id": "asterra-rds-monitoring-role",
            "inline_policy": [],
            "managed_policy_arns": [
              "arn:aws:iam::aws:policy/service-role/AmazonRDSEnhancedMonitoringRole"
            ],
            "max_session_duration": 3600,
            "name": "asterra-rds-monitoring-role",
            "name_prefix": "",
            "path": "/",
            "permissions_boundary": "",
            "tags": {
              "Environment": "assignment",
              "Name": "asterra-rds-monitoring-role"
            },
            "tags_all": {
              "Environment": "assignment",
              "Name": "asterra-rds-monitoring-role"
            },
            "unique_id": "AROAS2VS4VHWJLQZUNL6Q"
          },
          "sensitive_attributes": [],
          "private": "bnVsbA=="
        }
      ]
    },
    {
      "mode": "managed",
      "type": "aws_iam_role_policy_attachment",
      "name": "ec2_policy_attachment",
      "provider": "provider[\"registry.terraform.io/hashicorp/aws\"]",
      "instances": [
        {
          "schema_version": 0,
          "attributes": {
            "id": "asterra-ec2-role-20250709163451533400000004",
            "policy_arn": "arn:aws:iam::194722441708:policy/asterra-ec2-policy",
            "role": "asterra-ec2-role"
          },
          "sensitive_attributes": [],
          "private": "bnVsbA==",
          "dependencies": [
            "aws_iam_policy.ec2_policy",
            "aws_iam_role.ec2_role",
            "aws_s3_bucket.data_ingestion",
            "aws_secretsmanager_secret.db_credentials",
            "random_id.bucket_suffix"
          ]
        }
      ]
    },
    {
      "mode": "managed",
      "type": "aws_iam_role_policy_attachment",
      "name": "ecs_execution_role_policy",
      "provider": "provider[\"registry.terraform.io/hashicorp/aws\"]",
      "instances": [
        {
          "schema_version": 0,
          "attributes": {
            "id": "asterra-ecs-execution-role-20250709163448186200000003",
            "policy_arn": "arn:aws:iam::aws:policy/service-role/AmazonECSTaskExecutionRolePolicy",
            "role": "asterra-ecs-execution-role"
          },
          "sensitive_attributes": [],
          "private": "bnVsbA==",
          "dependencies": [
            "aws_iam_role.ecs_execution_role"
          ]
        }
      ]
    },
    {
      "mode": "managed",
      "type": "aws_iam_role_policy_attachment",
      "name": "ecs_task_role_policy",
      "provider": "provider[\"registry.terraform.io/hashicorp/aws\"]",
      "instances": [
        {
          "schema_version": 0,
          "attributes": {
            "id": "asterra-ecs-task-role-20250709163451585700000005",
            "policy_arn": "arn:aws:iam::194722441708:policy/asterra-ec2-policy",
            "role": "asterra-ecs-task-role"
          },
          "sensitive_attributes": [],
          "private": "bnVsbA==",
          "dependencies": [
            "aws_iam_policy.ec2_policy",
            "aws_iam_role.ecs_task_role",
            "aws_s3_bucket.data_ingestion",
            "aws_secretsmanager_secret.db_credentials",
            "random_id.bucket_suffix"
          ]
        }
      ]
    },
    {
      "mode": "managed",
      "type": "aws_iam_role_policy_attachment",
      "name": "lambda_basic_execution",
      "provider": "provider[\"registry.terraform.io/hashicorp/aws\"]",
      "instances": [
        {
          "schema_version": 0,
          "attributes": {
            "id": "asterra-assignment-assignment-lambda-s3-processor-20250709163447902300000002",
            "policy_arn": "arn:aws:iam::aws:policy/service-role/AWSLambdaBasicExecutionRole",
            "role": "asterra-assignment-assignment-lambda-s3-processor"
          },
          "sensitive_attributes": [],
          "private": "bnVsbA==",
          "dependencies": [
            "aws_iam_role.lambda_s3_processor"
          ]
        }
      ]
    },
    {
      "mode": "managed",
      "type": "aws_iam_role_policy_attachment",
      "name": "lambda_s3_processor_policy",
      "provider": "provider[\"registry.terraform.io/hashicorp/aws\"]",
      "instances": [
        {
          "schema_version": 0,
          "attributes": {
            "id": "asterra-assignment-assignment-lambda-s3-processor-20250709163451718600000006",
            "policy_arn": "arn:aws:iam::194722441708:policy/asterra-assignment-assignment-lambda-s3-processor-policy",
            "role": "asterra-assignment-assignment-lambda-s3-processor"
          },
          "sensitive_attributes": [],
          "private": "bnVsbA==",
          "dependencies": [
            "aws_iam_policy.lambda_s3_processor_policy",
            "aws_iam_role.lambda_s3_processor",
            "aws_s3_bucket.data_ingestion",
            "random_id.bucket_suffix"
          ]
        }
      ]
    },
    {
      "mode": "managed",
      "type": "aws_iam_role_policy_attachment",
      "name": "rds_monitoring",
      "provider": "provider[\"registry.terraform.io/hashicorp/aws\"]",
      "instances": [
        {
          "schema_version": 0,
          "attributes": {
            "id": "asterra-rds-monitoring-role-20250709165246488400000001",
            "policy_arn": "arn:aws:iam::aws:policy/service-role/AmazonRDSEnhancedMonitoringRole",
            "role": "asterra-rds-monitoring-role"
          },
          "sensitive_attributes": [],
          "private": "bnVsbA==",
          "dependencies": [
            "aws_iam_role.rds_monitoring"
          ]
        }
      ]
    },
    {
      "mode": "managed",
      "type": "aws_instance",
      "name": "private_server",
      "provider": "provider[\"registry.terraform.io/hashicorp/aws\"]",
      "instances": [
        {
          "schema_version": 1,
          "attributes": {
            "ami": "ami-05ec1e5f7cfe5ef59",
            "arn": "arn:aws:ec2:us-east-1:194722441708:instance/i-04eae1a6edf43b13f",
            "associate_public_ip_address": false,
            "availability_zone": "us-east-1a",
            "capacity_reservation_specification": [
              {
                "capacity_reservation_preference": "open",
                "capacity_reservation_target": []
              }
            ],
            "cpu_core_count": 1,
            "cpu_options": [
              {
                "amd_sev_snp": "",
                "core_count": 1,
                "threads_per_core": 2
              }
            ],
            "cpu_threads_per_core": 2,
            "credit_specification": [
              {
                "cpu_credits": "unlimited"
              }
            ],
            "disable_api_stop": false,
            "disable_api_termination": false,
            "ebs_block_device": [],
            "ebs_optimized": false,
            "enable_primary_ipv6": null,
            "enclave_options": [
              {
                "enabled": false
              }
            ],
            "ephemeral_block_device": [],
            "get_password_data": false,
            "hibernation": false,
            "host_id": "",
            "host_resource_group_arn": null,
            "iam_instance_profile": "asterra-ec2-profile",
            "id": "i-04eae1a6edf43b13f",
            "instance_initiated_shutdown_behavior": "stop",
            "instance_lifecycle": "",
            "instance_market_options": [],
            "instance_state": "running",
            "instance_type": "t3.micro",
            "ipv6_address_count": 0,
            "ipv6_addresses": [],
            "key_name": "asterra-assignment-key",
            "launch_template": [],
            "maintenance_options": [
              {
                "auto_recovery": "default"
              }
            ],
            "metadata_options": [
              {
                "http_endpoint": "enabled",
                "http_protocol_ipv6": "disabled",
                "http_put_response_hop_limit": 1,
                "http_tokens": "optional",
                "instance_metadata_tags": "disabled"
              }
            ],
            "monitoring": true,
            "network_interface": [],
            "outpost_arn": "",
            "password_data": "",
            "placement_group": "",
            "placement_partition_number": 0,
            "primary_network_interface_id": "eni-0359b119476bb088e",
            "private_dns": "ip-10-0-10-221.ec2.internal",
            "private_dns_name_options": [
              {
                "enable_resource_name_dns_a_record": false,
                "enable_resource_name_dns_aaaa_record": false,
                "hostname_type": "ip-name"
              }
            ],
            "private_ip": "10.0.10.221",
            "public_dns": "",
            "public_ip": "",
            "root_block_device": [
              {
                "delete_on_termination": true,
                "device_name": "/dev/sda1",
                "encrypted": true,
                "iops": 3000,
                "kms_key_id": "arn:aws:kms:us-east-1:194722441708:key/001e6b75-e310-44ae-9e21-ca1609aba3d5",
                "tags": {},
                "tags_all": {},
                "throughput": 125,
                "volume_id": "vol-01fe1266d4d5014db",
                "volume_size": 20,
                "volume_type": "gp3"
              }
            ],
            "secondary_private_ips": [],
            "security_groups": [],
            "source_dest_check": true,
            "spot_instance_request_id": "",
            "subnet_id": "subnet-0bb9914b2756dfd0a",
            "tags": {
              "Environment": "assignment",
              "Name": "asterra-private-server",
              "Purpose": "GIS Processing",
              "Type": "Private"
            },
            "tags_all": {
              "Environment": "assignment",
              "Name": "asterra-private-server",
              "Purpose": "GIS Processing",
              "Type": "Private"
            },
            "tenancy": "default",
            "timeouts": null,
            "user_data": "ceb5559f49f5083f413ad077cc5f10dda80b21e4",
            "user_data_base64": null,
            "user_data_replace_on_change": false,
            "volume_tags": null,
            "vpc_security_group_ids": [
              "sg-063993e483a61c7af"
            ]
          },
          "sensitive_attributes": [],
          "private": "eyJlMmJmYjczMC1lY2FhLTExZTYtOGY4OC0zNDM2M2JjN2M0YzAiOnsiY3JlYXRlIjo2MDAwMDAwMDAwMDAsImRlbGV0ZSI6MTIwMDAwMDAwMDAwMCwicmVhZCI6OTAwMDAwMDAwMDAwLCJ1cGRhdGUiOjYwMDAwMDAwMDAwMH0sInNjaGVtYV92ZXJzaW9uIjoiMSJ9",
          "dependencies": [
            "aws_db_instance.postgres",
            "aws_db_parameter_group.postgres_postgis",
            "aws_db_subnet_group.main",
            "aws_iam_instance_profile.ec2_profile",
            "aws_iam_role.ec2_role",
            "aws_iam_role.rds_monitoring",
            "aws_key_pair.main",
            "aws_s3_bucket.data_ingestion",
            "aws_secretsmanager_secret.db_credentials",
            "aws_security_group.database_sg",
            "aws_security_group.private_sg",
            "aws_security_group.public_sg",
            "aws_subnet.database",
            "aws_subnet.private",
            "aws_subnet.public",
            "aws_vpc.main",
            "data.aws_ami.ubuntu",
            "data.aws_availability_zones.available",
            "random_id.bucket_suffix"
          ]
        }
      ]
    },
    {
      "mode": "managed",
      "type": "aws_instance",
      "name": "windows_workspace",
      "provider": "provider[\"registry.terraform.io/hashicorp/aws\"]",
      "instances": [
        {
          "schema_version": 1,
          "attributes": {
            "ami": "ami-0345f44fe05216fc4",
            "arn": "arn:aws:ec2:us-east-1:194722441708:instance/i-057a0a33f5d9ac655",
            "associate_public_ip_address": true,
            "availability_zone": "us-east-1a",
            "capacity_reservation_specification": [
              {
                "capacity_reservation_preference": "open",
                "capacity_reservation_target": []
              }
            ],
            "cpu_core_count": 1,
            "cpu_options": [
              {
                "amd_sev_snp": "",
                "core_count": 1,
                "threads_per_core": 2
              }
            ],
            "cpu_threads_per_core": 2,
            "credit_specification": [
              {
                "cpu_credits": "unlimited"
              }
            ],
            "disable_api_stop": false,
            "disable_api_termination": false,
            "ebs_block_device": [],
            "ebs_optimized": false,
            "enable_primary_ipv6": null,
            "enclave_options": [
              {
                "enabled": false
              }
            ],
            "ephemeral_block_device": [],
            "get_password_data": false,
            "hibernation": false,
            "host_id": "",
            "host_resource_group_arn": null,
            "iam_instance_profile": "",
            "id": "i-057a0a33f5d9ac655",
            "instance_initiated_shutdown_behavior": "stop",
            "instance_lifecycle": "",
            "instance_market_options": [],
            "instance_state": "running",
            "instance_type": "t3.small",
            "ipv6_address_count": 0,
            "ipv6_addresses": [],
            "key_name": "asterra-assignment-key",
            "launch_template": [],
            "maintenance_options": [
              {
                "auto_recovery": "default"
              }
            ],
            "metadata_options": [
              {
                "http_endpoint": "enabled",
                "http_protocol_ipv6": "disabled",
                "http_put_response_hop_limit": 1,
                "http_tokens": "optional",
                "instance_metadata_tags": "disabled"
              }
            ],
            "monitoring": true,
            "network_interface": [],
            "outpost_arn": "",
            "password_data": "",
            "placement_group": "",
            "placement_partition_number": 0,
            "primary_network_interface_id": "eni-029c53908d1cb780d",
            "private_dns": "ip-10-0-1-158.ec2.internal",
            "private_dns_name_options": [
              {
                "enable_resource_name_dns_a_record": false,
                "enable_resource_name_dns_aaaa_record": false,
                "hostname_type": "ip-name"
              }
            ],
            "private_ip": "10.0.1.158",
            "public_dns": "ec2-54-242-135-238.compute-1.amazonaws.com",
            "public_ip": "54.242.135.238",
            "root_block_device": [
              {
                "delete_on_termination": true,
                "device_name": "/dev/sda1",
                "encrypted": true,
                "iops": 3000,
                "kms_key_id": "arn:aws:kms:us-east-1:194722441708:key/001e6b75-e310-44ae-9e21-ca1609aba3d5",
                "tags": {},
                "tags_all": {},
                "throughput": 125,
                "volume_id": "vol-0832c58aea57dcb9c",
                "volume_size": 50,
                "volume_type": "gp3"
              }
            ],
            "secondary_private_ips": [],
            "security_groups": [],
            "source_dest_check": true,
            "spot_instance_request_id": "",
            "subnet_id": "subnet-0390306e589945532",
            "tags": {
              "Environment": "assignment",
              "Name": "asterra-windows-workspace",
              "Purpose": "Development Workspace",
              "Type": "Development"
            },
            "tags_all": {
              "Environment": "assignment",
              "Name": "asterra-windows-workspace",
              "Purpose": "Development Workspace",
              "Type": "Development"
            },
            "tenancy": "default",
            "timeouts": null,
            "user_data": "df3c82797086873301d61d327081976fbf3284a5",
            "user_data_base64": null,
            "user_data_replace_on_change": false,
            "volume_tags": null,
            "vpc_security_group_ids": [
              "sg-0712b8833e5744074",
              "sg-0a91ac97c8659f7a1"
            ]
          },
          "sensitive_attributes": [],
          "private": "eyJlMmJmYjczMC1lY2FhLTExZTYtOGY4OC0zNDM2M2JjN2M0YzAiOnsiY3JlYXRlIjo2MDAwMDAwMDAwMDAsImRlbGV0ZSI6MTIwMDAwMDAwMDAwMCwicmVhZCI6OTAwMDAwMDAwMDAwLCJ1cGRhdGUiOjYwMDAwMDAwMDAwMH0sInNjaGVtYV92ZXJzaW9uIjoiMSJ9",
          "dependencies": [
            "aws_key_pair.main",
            "aws_security_group.public_sg",
            "aws_security_group.rdp_sg",
            "aws_subnet.public",
            "aws_vpc.main",
            "data.aws_ami.windows_server",
            "data.aws_availability_zones.available"
          ]
        }
      ]
    },
    {
      "mode": "managed",
      "type": "aws_internet_gateway",
      "name": "igw",
      "provider": "provider[\"registry.terraform.io/hashicorp/aws\"]",
      "instances": [
        {
          "schema_version": 0,
          "attributes": {
            "arn": "arn:aws:ec2:us-east-1:194722441708:internet-gateway/igw-0634cf98a0c9d79a2",
            "id": "igw-0634cf98a0c9d79a2",
            "owner_id": "194722441708",
            "tags": {
              "Environment": "assignment",
              "Name": "asterra-main-igw"
            },
            "tags_all": {
              "Environment": "assignment",
              "Name": "asterra-main-igw"
            },
            "timeouts": null,
            "vpc_id": "vpc-0848ba8a968a279de"
          },
          "sensitive_attributes": [],
          "private": "eyJlMmJmYjczMC1lY2FhLTExZTYtOGY4OC0zNDM2M2JjN2M0YzAiOnsiY3JlYXRlIjoxMjAwMDAwMDAwMDAwLCJkZWxldGUiOjEyMDAwMDAwMDAwMDAsInVwZGF0ZSI6MTIwMDAwMDAwMDAwMH19",
          "dependencies": [
            "aws_vpc.main"
          ]
        }
      ]
    },
    {
      "mode": "managed",
      "type": "aws_key_pair",
      "name": "main",
      "provider": "provider[\"registry.terraform.io/hashicorp/aws\"]",
      "instances": [
        {
          "schema_version": 1,
          "attributes": {
            "arn": "arn:aws:ec2:us-east-1:194722441708:key-pair/asterra-assignment-key",
            "fingerprint": "9d:6d:bd:78:82:0c:fc:2d:d7:46:a8:b2:dc:c0:1c:88",
            "id": "asterra-assignment-key",
            "key_name": "asterra-assignment-key",
            "key_name_prefix": "",
            "key_pair_id": "key-04b6c18e318314c35",
            "key_type": "rsa",
            "public_key": "ssh-rsa AAAAB3NzaC1yc2EAAAADAQABAAACAQCrsEuiBQ4xCRy6r8uuHwmiwpQgiMM2RsGPYquzcYw91AcM9RHr+AFjaP57qguajhmwZ8TGmvOGT9JR9+aShBWQUDgNh7P3s8nw6WRmCIj6IPi083X/s7w1WhbuNDNnJ7emyeM2FuFiAzpMoyyeJS2jrAtAgPK52vkNpzOkhDB/LWJSdoYz6VmcoRpzzmcLaj0hQN7ocE2TsP7AMlZWZTptc6RwDy7CFhpeKY4EkRvWr1Sk+7GTN8NHWJlvsF6bw+Pnb3b7n4Z+AzhwjPJvdrKMF/l8jleI7YITb6o8U5J4B5yHGkAhcMcNsG+vgXNS9N9Bw5bB/1qLNsXbd3K3/ik2Ow/rEO+oaXKFgCOO9YBGdAGHiWhd+RiDMlRx787IYVm4VZLV6zxbtTTK3seYTANh0I35ts7oiLLk1YkwoAl/eKvyezGP/lAEtuZoxq0GptIQsG+gcQmjoVrpaGbEe6rndVaCjamSmTkbqeBzMLjbgMQQHzu/uxIH6x4IhLDogti3eW6GrUGUYwFzOdiEvRl+4yB65cOZf0ERD57c7rnnRphKS16/IdwslQ/0TU4HDel43C0sAsEvUFzmyk3kSk9ec2fCXmtpOYGwyBklYxE/WFDdJvOcm5Tz74944E2wlyRAlhgNHK58mCgixn/FvXAE78Ey13A3Sx2Df5uZdpurnQ== ilai9910@gmail.com",
            "tags": {
              "Environment": "assignment",
              "Name": "asterra-assignment-key"
            },
            "tags_all": {
              "Environment": "assignment",
              "Name": "asterra-assignment-key"
            }
          },
          "sensitive_attributes": [],
          "private": "eyJzY2hlbWFfdmVyc2lvbiI6IjEifQ=="
        }
      ]
    },
    {
      "mode": "managed",
      "type": "aws_lambda_function",
      "name": "s3_geojson_processor",
      "provider": "provider[\"registry.terraform.io/hashicorp/aws\"]",
      "instances": [
        {
          "schema_version": 0,
          "attributes": {
            "architectures": [
              "x86_64"
            ],
            "arn": "arn:aws:lambda:us-east-1:194722441708:function:asterra-assignment-assignment-s3-geojson-processor",
            "code_sha256": "fffyEGr+QkxW7VqhZvdcl6jQIoI/1/tyoIf65DZEQVk=",
            "code_signing_config_arn": "",
            "dead_letter_config": [],
            "description": "",
            "environment": [
              {
                "variables": {
                  "ECS_CLUSTER_NAME": "asterra-cluster",
                  "ECS_SECURITY_GROUPS": "sg-063993e483a61c7af",
                  "ECS_SUBNETS": "subnet-0bb9914b2756dfd0a,subnet-0e2125ed973801e0d",
                  "ECS_TASK_DEFINITION": "arn:aws:ecs:us-east-1:194722441708:task-definition/asterra-geojson-processor:1"
                }
              }
            ],
            "ephemeral_storage": [
              {
                "size": 512
              }
            ],
            "file_system_config": [],
            "filename": "lambda_function.zip",
            "function_name": "asterra-assignment-assignment-s3-geojson-processor",
            "handler": "index.handler",
            "id": "asterra-assignment-assignment-s3-geojson-processor",
            "image_config": [],
            "image_uri": "",
            "invoke_arn": "arn:aws:apigateway:us-east-1:lambda:path/2015-03-31/functions/arn:aws:lambda:us-east-1:194722441708:function:asterra-assignment-assignment-s3-geojson-processor/invocations",
            "kms_key_arn": "",
            "last_modified": "2025-07-09T16:35:16.967+0000",
            "layers": [],
            "logging_config": [
              {
                "application_log_level": "",
                "log_format": "Text",
                "log_group": "/aws/lambda/asterra-assignment-assignment-s3-geojson-processor",
                "system_log_level": ""
              }
            ],
            "memory_size": 128,
            "package_type": "Zip",
            "publish": false,
            "qualified_arn": "arn:aws:lambda:us-east-1:194722441708:function:asterra-assignment-assignment-s3-geojson-processor:$LATEST",
            "qualified_invoke_arn": "arn:aws:apigateway:us-east-1:lambda:path/2015-03-31/functions/arn:aws:lambda:us-east-1:194722441708:function:asterra-assignment-assignment-s3-geojson-processor:$LATEST/invocations",
            "replace_security_groups_on_destroy": null,
            "replacement_security_group_ids": null,
            "reserved_concurrent_executions": -1,
            "role": "arn:aws:iam::194722441708:role/asterra-assignment-assignment-lambda-s3-processor",
            "runtime": "python3.9",
            "s3_bucket": null,
            "s3_key": null,
            "s3_object_version": null,
            "signing_job_arn": "",
            "signing_profile_version_arn": "",
            "skip_destroy": false,
            "snap_start": [],
            "source_code_hash": "fffyEGr+QkxW7VqhZvdcl6jQIoI/1/tyoIf65DZEQVk=",
            "source_code_size": 1992,
            "tags": {
              "Environment": "assignment",
              "ManagedBy": "terraform",
              "Owner": "devops-candidate",
              "Project": "asterra-assignment"
            },
            "tags_all": {
              "Environment": "assignment",
              "ManagedBy": "terraform",
              "Owner": "devops-candidate",
              "Project": "asterra-assignment"
            },
            "timeout": 60,
            "timeouts": null,
            "tracing_config": [
              {
                "mode": "PassThrough"
              }
            ],
            "version": "$LATEST",
            "vpc_config": []
          },
          "sensitive_attributes": [],
          "private": "eyJlMmJmYjczMC1lY2FhLTExZTYtOGY4OC0zNDM2M2JjN2M0YzAiOnsiY3JlYXRlIjo2MDAwMDAwMDAwMDAsImRlbGV0ZSI6NjAwMDAwMDAwMDAwLCJ1cGRhdGUiOjYwMDAwMDAwMDAwMH19",
          "dependencies": [
            "aws_cloudwatch_log_group.ecs_logs",
            "aws_cloudwatch_log_group.lambda_logs",
            "aws_ecr_repository.app_repo",
            "aws_ecs_cluster.main",
            "aws_ecs_task_definition.geojson_processor",
            "aws_iam_policy.lambda_s3_processor_policy",
            "aws_iam_role.ecs_execution_role",
            "aws_iam_role.ecs_task_role",
            "aws_iam_role.lambda_s3_processor",
            "aws_iam_role_policy_attachment.lambda_s3_processor_policy",
            "aws_s3_bucket.data_ingestion",
            "aws_secretsmanager_secret.db_credentials",
            "aws_security_group.private_sg",
            "aws_security_group.public_sg",
            "aws_subnet.private",
            "aws_subnet.public",
            "aws_vpc.main",
            "data.archive_file.lambda_zip",
            "data.aws_availability_zones.available",
            "data.aws_region.current",
            "random_id.bucket_suffix"
          ]
        }
      ]
    },
    {
      "mode": "managed",
      "type": "aws_lambda_permission",
      "name": "allow_s3",
      "provider": "provider[\"registry.terraform.io/hashicorp/aws\"]",
      "instances": [
        {
          "schema_version": 0,
          "attributes": {
            "action": "lambda:InvokeFunction",
            "event_source_token": null,
            "function_name": "asterra-assignment-assignment-s3-geojson-processor",
            "function_url_auth_type": null,
            "id": "AllowExecutionFromS3Bucket",
            "principal": "s3.amazonaws.com",
            "principal_org_id": null,
            "qualifier": "",
            "source_account": null,
            "source_arn": "arn:aws:s3:::asterra-data-ingestion-94d54dba",
            "statement_id": "AllowExecutionFromS3Bucket",
            "statement_id_prefix": ""
          },
          "sensitive_attributes": [],
          "private": "bnVsbA==",
          "dependencies": [
            "aws_cloudwatch_log_group.ecs_logs",
            "aws_cloudwatch_log_group.lambda_logs",
            "aws_ecr_repository.app_repo",
            "aws_ecs_cluster.main",
            "aws_ecs_task_definition.geojson_processor",
            "aws_iam_policy.lambda_s3_processor_policy",
            "aws_iam_role.ecs_execution_role",
            "aws_iam_role.ecs_task_role",
            "aws_iam_role.lambda_s3_processor",
            "aws_iam_role_policy_attachment.lambda_s3_processor_policy",
            "aws_lambda_function.s3_geojson_processor",
            "aws_s3_bucket.data_ingestion",
            "aws_secretsmanager_secret.db_credentials",
            "aws_security_group.private_sg",
            "aws_security_group.public_sg",
            "aws_subnet.private",
            "aws_subnet.public",
            "aws_vpc.main",
            "data.archive_file.lambda_zip",
            "data.aws_availability_zones.available",
            "data.aws_region.current",
            "random_id.bucket_suffix"
          ]
        }
      ]
    },
    {
      "mode": "managed",
      "type": "aws_launch_template",
      "name": "public_server",
      "provider": "provider[\"registry.terraform.io/hashicorp/aws\"]",
      "instances": [
        {
          "schema_version": 0,
          "attributes": {
            "arn": "arn:aws:ec2:us-east-1:194722441708:launch-template/lt-0f6d614c907340b8b",
            "block_device_mappings": [
              {
                "device_name": "/dev/sda1",
                "ebs": [
                  {
                    "delete_on_termination": "",
                    "encrypted": "true",
                    "iops": 0,
                    "kms_key_id": "",
                    "snapshot_id": "",
                    "throughput": 0,
                    "volume_initialization_rate": 0,
                    "volume_size": 20,
                    "volume_type": "gp3"
                  }
                ],
                "no_device": "",
                "virtual_name": ""
              }
            ],
            "capacity_reservation_specification": [],
            "cpu_options": [],
            "credit_specification": [],
            "default_version": 1,
            "description": "",
            "disable_api_stop": false,
            "disable_api_termination": false,
            "ebs_optimized": "",
            "elastic_gpu_specifications": [],
            "elastic_inference_accelerator": [],
            "enclave_options": [],
            "hibernation_options": [],
            "iam_instance_profile": [
              {
                "arn": "",
                "name": "asterra-ec2-profile"
              }
            ],
            "id": "lt-0f6d614c907340b8b",
            "image_id": "ami-05ec1e5f7cfe5ef59",
            "instance_initiated_shutdown_behavior": "",
            "instance_market_options": [],
            "instance_requirements": [],
            "instance_type": "t3.micro",
            "kernel_id": "",
            "key_name": "asterra-assignment-key",
            "latest_version": 2,
            "license_specification": [],
            "maintenance_options": [],
            "metadata_options": [],
            "monitoring": [
              {
                "enabled": true
              }
            ],
            "name": "asterra-public-20250709175446124700000002",
            "name_prefix": "asterra-public-",
            "network_interfaces": [],
            "placement": [],
            "private_dns_name_options": [],
            "ram_disk_id": "",
            "security_group_names": [],
            "tag_specifications": [
              {
                "resource_type": "instance",
                "tags": {
                  "Environment": "assignment",
                  "Name": "asterra-public-server",
                  "Type": "Public"
                }
              }
            ],
            "tags": {
              "Environment": "assignment",
              "Name": "asterra-public-launch-template"
            },
            "tags_all": {
              "Environment": "assignment",
              "Name": "asterra-public-launch-template"
            },
            "update_default_version": null,
            "user_data": "IyEvYmluL2Jhc2gKCiMgQVNURVJSQSBEZXZPcHMgQXNzaWdubWVudCAtIFB1YmxpYyBTZXJ2ZXIgSW5pdGlhbGl6YXRpb24gU2NyaXB0CiMgVGhpcyBzY3JpcHQgc2V0cyB1cCBPREsgQ2VudHJhbCBvbiBVYnVudHUgaW5zdGFuY2VzCgpzZXQgLWUgICMgRXhpdCBvbiBhbnkgZXJyb3IKCiMgTG9nIGV2ZXJ5dGhpbmcKZXhlYyA+ID4odGVlIC92YXIvbG9nL3VzZXItZGF0YS5sb2d8bG9nZ2VyIC10IHVzZXItZGF0YSAtcyAyPi9kZXYvY29uc29sZSkgMj4mMQoKZWNobyAiU3RhcnRpbmcgQVNURVJSQSBwdWJsaWMgc2VydmVyIGluaXRpYWxpemF0aW9uLi4uIgoKIyBVcGRhdGUgc3lzdGVtCmFwdC1nZXQgdXBkYXRlIC15CmFwdC1nZXQgdXBncmFkZSAteQoKIyBJbnN0YWxsIHJlcXVpcmVkIHBhY2thZ2VzCmFwdC1nZXQgaW5zdGFsbCAteSBjdXJsIHdnZXQgdW56aXAKCiMgSW5zdGFsbCBEb2NrZXIKZWNobyAiSW5zdGFsbGluZyBEb2NrZXIuLi4iCmN1cmwgLWZzU0wgaHR0cHM6Ly9nZXQuZG9ja2VyLmNvbSAtbyBnZXQtZG9ja2VyLnNoCnNoIGdldC1kb2NrZXIuc2gKdXNlcm1vZCAtYUcgZG9ja2VyIHVidW50dQoKIyBJbnN0YWxsIERvY2tlciBDb21wb3NlCmVjaG8gIkluc3RhbGxpbmcgRG9ja2VyIENvbXBvc2UuLi4iCmN1cmwgLUwgImh0dHBzOi8vZ2l0aHViLmNvbS9kb2NrZXIvY29tcG9zZS9yZWxlYXNlcy9sYXRlc3QvZG93bmxvYWQvZG9ja2VyLWNvbXBvc2UtJCh1bmFtZSAtcyktJCh1bmFtZSAtbSkiIC1vIC91c3IvbG9jYWwvYmluL2RvY2tlci1jb21wb3NlCmNobW9kICt4IC91c3IvbG9jYWwvYmluL2RvY2tlci1jb21wb3NlCgojIEluc3RhbGwgQVdTIENMSQplY2hvICJJbnN0YWxsaW5nIEFXUyBDTEkuLi4iCmN1cmwgImh0dHBzOi8vYXdzY2xpLmFtYXpvbmF3cy5jb20vYXdzY2xpLWV4ZS1saW51eC14ODZfNjQuemlwIiAtbyAiYXdzY2xpdjIuemlwIgp1bnppcCBhd3NjbGl2Mi56aXAKLi9hd3MvaW5zdGFsbAoKIyBDcmVhdGUgYXBwbGljYXRpb24gZGlyZWN0b3J5CmVjaG8gIlNldHRpbmcgdXAgYXBwbGljYXRpb24gZGlyZWN0b3J5Li4uIgpta2RpciAtcCAvb3B0L2FzdGVycmEtYXBwCmNkIC9vcHQvYXN0ZXJyYS1hcHAKCiMgQ3JlYXRlIE9ESyBDZW50cmFsIGRvY2tlci1jb21wb3NlLnltbAplY2hvICJDcmVhdGluZyBEb2NrZXIgQ29tcG9zZSBjb25maWd1cmF0aW9uLi4uIgpjYXQgPiBkb2NrZXItY29tcG9zZS55bWwgPDwgJ0VPRicKdmVyc2lvbjogJzMuOCcKCnNlcnZpY2VzOgogIG5naW54OgogICAgaW1hZ2U6IG5naW54OmxhdGVzdAogICAgcG9ydHM6CiAgICAgIC0gIjgwOjgwIgogICAgICAtICI0NDM6NDQzIgogICAgdm9sdW1lczoKICAgICAgLSAuL25naW54LmNvbmY6L2V0Yy9uZ2lueC9uZ2lueC5jb25mCiAgICBkZXBlbmRzX29uOgogICAgICAtIGJhY2tlbmQKICAgIHJlc3RhcnQ6IHVubGVzcy1zdG9wcGVkCgogIGJhY2tlbmQ6CiAgICBpbWFnZTogZ2V0b2RrL2NlbnRyYWwtYmFja2VuZDpsYXRlc3QKICAgIGVudmlyb25tZW50OgogICAgICAtIERCX0hPU1Q9YXN0ZXJyYS1wb3N0Z3Jlcy1naXMuY2hpZWdzbTZlOHR0LnVzLWVhc3QtMS5yZHMuYW1hem9uYXdzLmNvbTo1NDMyCiAgICAgIC0gREJfTkFNRT1hc3RlcnJhX2dpcwogICAgICAtIEFXU19TRUNSRVRfQVJOPWFybjphd3M6c2VjcmV0c21hbmFnZXI6dXMtZWFzdC0xOjE5NDcyMjQ0MTcwODpzZWNyZXQ6YXN0ZXJyYS9kYXRhYmFzZS9jcmVkZW50aWFscy10TWllUEgKICAgIHBvcnRzOgogICAgICAtICI4MzgzOjgzODMiCiAgICByZXN0YXJ0OiB1bmxlc3Mtc3RvcHBlZAoKICBmcm9udGVuZDoKICAgIGltYWdlOiBnZXRvZGsvY2VudHJhbC1mcm9udGVuZDpsYXRlc3QKICAgIGVudmlyb25tZW50OgogICAgICAtIERPTUFJTj1sb2NhbGhvc3QKICAgIGRlcGVuZHNfb246CiAgICAgIC0gYmFja2VuZAogICAgcmVzdGFydDogdW5sZXNzLXN0b3BwZWQKRU9GCgojIENyZWF0ZSBuZ2lueCBjb25maWd1cmF0aW9uIHdpdGggaGVhbHRoIGVuZHBvaW50CmVjaG8gIkNyZWF0aW5nIG5naW54IGNvbmZpZ3VyYXRpb24uLi4iCmNhdCA+IG5naW54LmNvbmYgPDwgJ0VPRicKZXZlbnRzIHsKICAgIHdvcmtlcl9jb25uZWN0aW9ucyAxMDI0Owp9CgpodHRwIHsKICAgIHVwc3RyZWFtIGJhY2tlbmQgewogICAgICAgIHNlcnZlciBiYWNrZW5kOjgzODM7CiAgICB9CgogICAgdXBzdHJlYW0gZnJvbnRlbmQgewogICAgICAgIHNlcnZlciBmcm9udGVuZDo4MDsKICAgIH0KCiAgICBzZXJ2ZXIgewogICAgICAgIGxpc3RlbiA4MDsKCiAgICAgICAgIyBIZWFsdGggY2hlY2sgZW5kcG9pbnQgZm9yIEFMQgogICAgICAgIGxvY2F0aW9uIC9oZWFsdGggewogICAgICAgICAgICByZXR1cm4gMjAwICdoZWFsdGh5XG4nOwogICAgICAgICAgICBhZGRfaGVhZGVyIENvbnRlbnQtVHlwZSB0ZXh0L3BsYWluOwogICAgICAgIH0KCiAgICAgICAgIyBPREsgQ2VudHJhbCBBUEkgcm91dGVzCiAgICAgICAgbG9jYXRpb24gL3YxLyB7CiAgICAgICAgICAgIHByb3h5X3Bhc3MgaHR0cDovL2JhY2tlbmQ7CiAgICAgICAgICAgIHByb3h5X3NldF9oZWFkZXIgSG9zdCAkaG9zdDsKICAgICAgICAgICAgcHJveHlfc2V0X2hlYWRlciBYLVJlYWwtSVAgJHJlbW90ZV9hZGRyOwogICAgICAgICAgICBwcm94eV9zZXRfaGVhZGVyIFgtRm9yd2FyZGVkLUZvciAkcHJveHlfYWRkX3hfZm9yd2FyZGVkX2ZvcjsKICAgICAgICAgICAgcHJveHlfc2V0X2hlYWRlciBYLUZvcndhcmRlZC1Qcm90byAkc2NoZW1lOwogICAgICAgIH0KCiAgICAgICAgIyBPREsgQ2VudHJhbCBmcm9udGVuZCByb3V0ZXMKICAgICAgICBsb2NhdGlvbiAvIHsKICAgICAgICAgICAgcHJveHlfcGFzcyBodHRwOi8vZnJvbnRlbmQ7CiAgICAgICAgICAgIHByb3h5X3NldF9oZWFkZXIgSG9zdCAkaG9zdDsKICAgICAgICAgICAgcHJveHlfc2V0X2hlYWRlciBYLVJlYWwtSVAgJHJlbW90ZV9hZGRyOwogICAgICAgICAgICBwcm94eV9zZXRfaGVhZGVyIFgtRm9yd2FyZGVkLUZvciAkcHJveHlfYWRkX3hfZm9yd2FyZGVkX2ZvcjsKICAgICAgICAgICAgcHJveHlfc2V0X2hlYWRlciBYLUZvcndhcmRlZC1Qcm90byAkc2NoZW1lOwogICAgICAgIH0KICAgIH0KfQpFT0YKCiMgV2FpdCBmb3IgRG9ja2VyIHNlcnZpY2UgdG8gYmUgcmVhZHkKZWNobyAiV2FpdGluZyBmb3IgRG9ja2VyIHNlcnZpY2UuLi4iCnNsZWVwIDEwCgojIFN0YXJ0IHNlcnZpY2VzCmVjaG8gIlN0YXJ0aW5nIE9ESyBDZW50cmFsIHNlcnZpY2VzLi4uIgpkb2NrZXItY29tcG9zZSB1cCAtZAoKIyBXYWl0IGZvciBzZXJ2aWNlcyB0byBzdGFydAplY2hvICJXYWl0aW5nIGZvciBzZXJ2aWNlcyB0byBpbml0aWFsaXplLi4uIgpzbGVlcCAzMAoKIyBUZXN0IGhlYWx0aCBlbmRwb2ludCBsb2NhbGx5CmVjaG8gIlRlc3RpbmcgaGVhbHRoIGVuZHBvaW50Li4uIgpjdXJsIC1mIGh0dHA6Ly9sb2NhbGhvc3QvaGVhbHRoIHx8IGVjaG8gIkhlYWx0aCBjaGVjayBub3QgcmVhZHkgeWV0IgoKIyBJbnN0YWxsIENsb3VkV2F0Y2ggYWdlbnQgKFVidW50dSB2ZXJzaW9uIC0gY29tbWVudGVkIG91dCBmb3Igbm93KQojIGVjaG8gIkluc3RhbGxpbmcgQ2xvdWRXYXRjaCBhZ2VudC4uLiIKIyB3Z2V0IGh0dHBzOi8vczMuYW1hem9uYXdzLmNvbS9hbWF6b25jbG91ZHdhdGNoLWFnZW50L3VidW50dS9hbWQ2NC9sYXRlc3QvYW1hem9uLWNsb3Vkd2F0Y2gtYWdlbnQuZGViCiMgZHBrZyAtaSAuL2FtYXpvbi1jbG91ZHdhdGNoLWFnZW50LmRlYgoKIyBDcmVhdGUgQ2xvdWRXYXRjaCBjb25maWd1cmF0aW9uIChjb21tZW50ZWQgb3V0IGZvciBub3cpCiMgY2F0ID4gL29wdC9hd3MvYW1hem9uLWNsb3Vkd2F0Y2gtYWdlbnQvZXRjL2FtYXpvbi1jbG91ZHdhdGNoLWFnZW50Lmpzb24gPDwgJ0VPRicKIyB7CiMgICAgICJsb2dzIjogewojICAgICAgICAgImxvZ3NfY29sbGVjdGVkIjogewojICAgICAgICAgICAgICJmaWxlcyI6IHsKIyAgICAgICAgICAgICAgICAgImNvbGxlY3RfbGlzdCI6IFsKIyAgICAgICAgICAgICAgICAgICAgIHsKIyAgICAgICAgICAgICAgICAgICAgICAgICAiZmlsZV9wYXRoIjogIi92YXIvbG9nL3VzZXItZGF0YS5sb2ciLAojICAgICAgICAgICAgICAgICAgICAgICAgICJsb2dfZ3JvdXBfbmFtZSI6ICIvYXdzL2VjMi9hc3RlcnJhLXB1YmxpYyIsCiMgICAgICAgICAgICAgICAgICAgICAgICAgImxvZ19zdHJlYW1fbmFtZSI6ICJ7aW5zdGFuY2VfaWR9LXVzZXItZGF0YSIKIyAgICAgICAgICAgICAgICAgICAgIH0sCiMgICAgICAgICAgICAgICAgICAgICB7CiMgICAgICAgICAgICAgICAgICAgICAgICAgImZpbGVfcGF0aCI6ICIvdmFyL2xvZy9zeXNsb2ciLAojICAgICAgICAgICAgICAgICAgICAgICAgICJsb2dfZ3JvdXBfbmFtZSI6ICIvYXdzL2VjMi9hc3RlcnJhLXB1YmxpYyIsCiMgICAgICAgICAgICAgICAgICAgICAgICAgImxvZ19zdHJlYW1fbmFtZSI6ICJ7aW5zdGFuY2VfaWR9LXN5c2xvZyIKIyAgICAgICAgICAgICAgICAgICAgIH0KIyAgICAgICAgICAgICAgICAgXQojICAgICAgICAgICAgIH0KIyAgICAgICAgIH0KIyAgICAgfQojIH0KIyBFT0YKCiMgU3RhcnQgQ2xvdWRXYXRjaCBhZ2VudCAoY29tbWVudGVkIG91dCBmb3Igbm93KQojIC9vcHQvYXdzL2FtYXpvbi1jbG91ZHdhdGNoLWFnZW50L2Jpbi9hbWF6b24tY2xvdWR3YXRjaC1hZ2VudC1jdGwgLWEgZmV0Y2gtY29uZmlnIC1tIGVjMiAtYyBmaWxlOi9vcHQvYXdzL2FtYXpvbi1jbG91ZHdhdGNoLWFnZW50L2V0Yy9hbWF6b24tY2xvdWR3YXRjaC1hZ2VudC5qc29uIC1zCgplY2hvICJBU1RFUlJBIHB1YmxpYyBzZXJ2ZXIgaW5pdGlhbGl6YXRpb24gY29tcGxldGVkIHN1Y2Nlc3NmdWxseSEiCmVjaG8gIlNlcnZpY2VzIHNob3VsZCBiZSBhdmFpbGFibGUgYXQgaHR0cDovLyQoY3VybCAtcyBodHRwOi8vMTY5LjI1NC4xNjkuMjU0L2xhdGVzdC9tZXRhLWRhdGEvcHVibGljLWlwdjQpL2hlYWx0aCI=",
            "vpc_security_group_ids": [
              "sg-0a91ac97c8659f7a1"
            ]
          },
          "sensitive_attributes": [],
          "private": "bnVsbA==",
          "dependencies": [
            "aws_db_instance.postgres",
            "aws_db_parameter_group.postgres_postgis",
            "aws_db_subnet_group.main",
            "aws_iam_instance_profile.ec2_profile",
            "aws_iam_role.ec2_role",
            "aws_iam_role.rds_monitoring",
            "aws_key_pair.main",
            "aws_secretsmanager_secret.db_credentials",
            "aws_security_group.database_sg",
            "aws_security_group.private_sg",
            "aws_security_group.public_sg",
            "aws_subnet.database",
            "aws_subnet.public",
            "aws_vpc.main",
            "data.aws_ami.ubuntu",
            "data.aws_availability_zones.available"
          ]
        }
      ]
    },
    {
      "mode": "managed",
      "type": "aws_lb",
      "name": "public_alb",
      "provider": "provider[\"registry.terraform.io/hashicorp/aws\"]",
      "instances": [
        {
          "schema_version": 0,
          "attributes": {
            "access_logs": [
              {
                "bucket": "",
                "enabled": false,
                "prefix": ""
              }
            ],
            "arn": "arn:aws:elasticloadbalancing:us-east-1:194722441708:loadbalancer/app/asterra-public-alb/8d182187172c36dd",
            "arn_suffix": "app/asterra-public-alb/8d182187172c36dd",
            "client_keep_alive": 3600,
            "connection_logs": [
              {
                "bucket": "",
                "enabled": false,
                "prefix": ""
              }
            ],
            "customer_owned_ipv4_pool": "",
            "desync_mitigation_mode": "defensive",
            "dns_name": "asterra-public-alb-391303536.us-east-1.elb.amazonaws.com",
            "dns_record_client_routing_policy": null,
            "drop_invalid_header_fields": false,
            "enable_cross_zone_load_balancing": true,
            "enable_deletion_protection": false,
            "enable_http2": true,
            "enable_tls_version_and_cipher_suite_headers": false,
            "enable_waf_fail_open": false,
            "enable_xff_client_port": false,
            "enable_zonal_shift": false,
            "enforce_security_group_inbound_rules_on_private_link_traffic": "",
            "id": "arn:aws:elasticloadbalancing:us-east-1:194722441708:loadbalancer/app/asterra-public-alb/8d182187172c36dd",
            "idle_timeout": 60,
            "internal": false,
            "ip_address_type": "ipv4",
            "ipam_pools": [],
            "load_balancer_type": "application",
            "minimum_load_balancer_capacity": [],
            "name": "asterra-public-alb",
            "name_prefix": "",
            "preserve_host_header": false,
            "security_groups": [
              "sg-08a478c88f7ae323c"
            ],
            "subnet_mapping": [
              {
                "allocation_id": "",
                "ipv6_address": "",
                "outpost_id": "",
                "private_ipv4_address": "",
                "subnet_id": "subnet-0390306e589945532"
              },
              {
                "allocation_id": "",
                "ipv6_address": "",
                "outpost_id": "",
                "private_ipv4_address": "",
                "subnet_id": "subnet-0cb25c7185de8aed4"
              }
            ],
            "subnets": [
              "subnet-0390306e589945532",
              "subnet-0cb25c7185de8aed4"
            ],
            "tags": {
              "Environment": "assignment",
              "Name": "asterra-public-alb"
            },
            "tags_all": {
              "Environment": "assignment",
              "Name": "asterra-public-alb"
            },
            "timeouts": null,
            "vpc_id": "vpc-0848ba8a968a279de",
            "xff_header_processing_mode": "append",
            "zone_id": "Z35SXDOTRQ7X7K"
          },
          "sensitive_attributes": [],
          "private": "eyJlMmJmYjczMC1lY2FhLTExZTYtOGY4OC0zNDM2M2JjN2M0YzAiOnsiY3JlYXRlIjo2MDAwMDAwMDAwMDAsImRlbGV0ZSI6NjAwMDAwMDAwMDAwLCJ1cGRhdGUiOjYwMDAwMDAwMDAwMH19",
          "dependencies": [
            "aws_security_group.alb_sg",
            "aws_subnet.public",
            "aws_vpc.main",
            "data.aws_availability_zones.available"
          ]
        }
      ]
    },
    {
      "mode": "managed",
      "type": "aws_lb_listener",
      "name": "public_listener",
      "provider": "provider[\"registry.terraform.io/hashicorp/aws\"]",
      "instances": [
        {
          "schema_version": 0,
          "attributes": {
            "alpn_policy": null,
            "arn": "arn:aws:elasticloadbalancing:us-east-1:194722441708:listener/app/asterra-public-alb/8d182187172c36dd/6620a241f5e6917b",
            "certificate_arn": null,
            "default_action": [
              {
                "authenticate_cognito": [],
                "authenticate_oidc": [],
                "fixed_response": [],
                "forward": [],
                "order": 1,
                "redirect": [],
                "target_group_arn": "arn:aws:elasticloadbalancing:us-east-1:194722441708:targetgroup/asterra-public-tg/b608ac7e87c9675a",
                "type": "forward"
              }
            ],
            "id": "arn:aws:elasticloadbalancing:us-east-1:194722441708:listener/app/asterra-public-alb/8d182187172c36dd/6620a241f5e6917b",
            "load_balancer_arn": "arn:aws:elasticloadbalancing:us-east-1:194722441708:loadbalancer/app/asterra-public-alb/8d182187172c36dd",
            "mutual_authentication": [],
            "port": 80,
            "protocol": "HTTP",
            "routing_http_request_x_amzn_mtls_clientcert_header_name": null,
            "routing_http_request_x_amzn_mtls_clientcert_issuer_header_name": null,
            "routing_http_request_x_amzn_mtls_clientcert_leaf_header_name": null,
            "routing_http_request_x_amzn_mtls_clientcert_serial_number_header_name": null,
            "routing_http_request_x_amzn_mtls_clientcert_subject_header_name": null,
            "routing_http_request_x_amzn_mtls_clientcert_validity_header_name": null,
            "routing_http_request_x_amzn_tls_cipher_suite_header_name": null,
            "routing_http_request_x_amzn_tls_version_header_name": null,
            "routing_http_response_access_control_allow_credentials_header_value": "",
            "routing_http_response_access_control_allow_headers_header_value": "",
            "routing_http_response_access_control_allow_methods_header_value": "",
            "routing_http_response_access_control_allow_origin_header_value": "",
            "routing_http_response_access_control_expose_headers_header_value": "",
            "routing_http_response_access_control_max_age_header_value": "",
            "routing_http_response_content_security_policy_header_value": "",
            "routing_http_response_server_enabled": true,
            "routing_http_response_strict_transport_security_header_value": "",
            "routing_http_response_x_content_type_options_header_value": "",
            "routing_http_response_x_frame_options_header_value": "",
            "ssl_policy": "",
            "tags": {
              "Environment": "assignment",
              "Name": "asterra-public-listener"
            },
            "tags_all": {
              "Environment": "assignment",
              "Name": "asterra-public-listener"
            },
            "tcp_idle_timeout_seconds": null,
            "timeouts": null
          },
          "sensitive_attributes": [],
          "private": "eyJlMmJmYjczMC1lY2FhLTExZTYtOGY4OC0zNDM2M2JjN2M0YzAiOnsiY3JlYXRlIjozMDAwMDAwMDAwMDAsInVwZGF0ZSI6MzAwMDAwMDAwMDAwfX0=",
          "dependencies": [
            "aws_lb.public_alb",
            "aws_lb_target_group.public_tg",
            "aws_security_group.alb_sg",
            "aws_subnet.public",
            "aws_vpc.main",
            "data.aws_availability_zones.available"
          ]
        }
      ]
    },
    {
      "mode": "managed",
      "type": "aws_lb_target_group",
      "name": "public_tg",
      "provider": "provider[\"registry.terraform.io/hashicorp/aws\"]",
      "instances": [
        {
          "schema_version": 0,
          "attributes": {
            "arn": "arn:aws:elasticloadbalancing:us-east-1:194722441708:targetgroup/asterra-public-tg/b608ac7e87c9675a",
            "arn_suffix": "targetgroup/asterra-public-tg/b608ac7e87c9675a",
            "connection_termination": null,
            "deregistration_delay": "300",
            "health_check": [
              {
                "enabled": true,
                "healthy_threshold": 2,
                "interval": 30,
                "matcher": "200",
                "path": "/health",
                "port": "traffic-port",
                "protocol": "HTTP",
                "timeout": 5,
                "unhealthy_threshold": 2
              }
            ],
            "id": "arn:aws:elasticloadbalancing:us-east-1:194722441708:targetgroup/asterra-public-tg/b608ac7e87c9675a",
            "ip_address_type": "ipv4",
            "lambda_multi_value_headers_enabled": false,
            "load_balancer_arns": [
              "arn:aws:elasticloadbalancing:us-east-1:194722441708:loadbalancer/app/asterra-public-alb/8d182187172c36dd"
            ],
            "load_balancing_algorithm_type": "round_robin",
            "load_balancing_anomaly_mitigation": "off",
            "load_balancing_cross_zone_enabled": "use_load_balancer_configuration",
            "name": "asterra-public-tg",
            "name_prefix": "",
            "port": 80,
            "preserve_client_ip": null,
            "protocol": "HTTP",
            "protocol_version": "HTTP1",
            "proxy_protocol_v2": false,
            "slow_start": 0,
            "stickiness": [
              {
                "cookie_duration": 86400,
                "cookie_name": "",
                "enabled": false,
                "type": "lb_cookie"
              }
            ],
            "tags": {
              "Environment": "assignment",
              "Name": "asterra-public-tg"
            },
            "tags_all": {
              "Environment": "assignment",
              "Name": "asterra-public-tg"
            },
            "target_failover": [
              {
                "on_deregistration": null,
                "on_unhealthy": null
              }
            ],
            "target_group_health": [
              {
                "dns_failover": [
                  {
                    "minimum_healthy_targets_count": "1",
                    "minimum_healthy_targets_percentage": "off"
                  }
                ],
                "unhealthy_state_routing": [
                  {
                    "minimum_healthy_targets_count": 1,
                    "minimum_healthy_targets_percentage": "off"
                  }
                ]
              }
            ],
            "target_health_state": [
              {
                "enable_unhealthy_connection_termination": null,
                "unhealthy_draining_interval": null
              }
            ],
            "target_type": "instance",
            "vpc_id": "vpc-0848ba8a968a279de"
          },
          "sensitive_attributes": [],
          "private": "bnVsbA==",
          "dependencies": [
            "aws_vpc.main"
          ]
        }
      ]
    },
    {
      "mode": "managed",
      "type": "aws_nat_gateway",
      "name": "nat",
      "provider": "provider[\"registry.terraform.io/hashicorp/aws\"]",
      "instances": [
        {
          "schema_version": 0,
          "attributes": {
            "allocation_id": "eipalloc-08e69787e97e7e4ea",
            "association_id": "eipassoc-03b130da366fa02a6",
            "connectivity_type": "public",
            "id": "nat-0ab6437bcffe4ceb8",
            "network_interface_id": "eni-0253819bb168eb446",
            "private_ip": "10.0.1.56",
            "public_ip": "3.230.28.204",
            "secondary_allocation_ids": [],
            "secondary_private_ip_address_count": 0,
            "secondary_private_ip_addresses": [],
            "subnet_id": "subnet-0390306e589945532",
            "tags": {
              "Environment": "assignment",
              "Name": "asterra-nat-gateway"
            },
            "tags_all": {
              "Environment": "assignment",
              "Name": "asterra-nat-gateway"
            },
            "timeouts": null
          },
          "sensitive_attributes": [],
          "private": "eyJlMmJmYjczMC1lY2FhLTExZTYtOGY4OC0zNDM2M2JjN2M0YzAiOnsiY3JlYXRlIjo2MDAwMDAwMDAwMDAsImRlbGV0ZSI6MTgwMDAwMDAwMDAwMCwidXBkYXRlIjo2MDAwMDAwMDAwMDB9fQ==",
          "dependencies": [
            "aws_eip.nat",
            "aws_internet_gateway.igw",
            "aws_subnet.public",
            "aws_vpc.main",
            "data.aws_availability_zones.available"
          ]
        }
      ]
    },
    {
      "mode": "managed",
      "type": "aws_route_table",
      "name": "database",
      "provider": "provider[\"registry.terraform.io/hashicorp/aws\"]",
      "instances": [
        {
          "schema_version": 0,
          "attributes": {
            "arn": "arn:aws:ec2:us-east-1:194722441708:route-table/rtb-00b6ab47dc4a43eb2",
            "id": "rtb-00b6ab47dc4a43eb2",
            "owner_id": "194722441708",
            "propagating_vgws": [],
            "route": [],
            "tags": {
              "Environment": "assignment",
              "Name": "asterra-database-rt",
              "Type": "Database"
            },
            "tags_all": {
              "Environment": "assignment",
              "Name": "asterra-database-rt",
              "Type": "Database"
            },
            "timeouts": null,
            "vpc_id": "vpc-0848ba8a968a279de"
          },
          "sensitive_attributes": [],
          "private": "eyJlMmJmYjczMC1lY2FhLTExZTYtOGY4OC0zNDM2M2JjN2M0YzAiOnsiY3JlYXRlIjozMDAwMDAwMDAwMDAsImRlbGV0ZSI6MzAwMDAwMDAwMDAwLCJ1cGRhdGUiOjEyMDAwMDAwMDAwMH19",
          "dependencies": [
            "aws_vpc.main"
          ]
        }
      ]
    },
    {
      "mode": "managed",
      "type": "aws_route_table",
      "name": "private",
      "provider": "provider[\"registry.terraform.io/hashicorp/aws\"]",
      "instances": [
        {
          "schema_version": 0,
          "attributes": {
            "arn": "arn:aws:ec2:us-east-1:194722441708:route-table/rtb-060f9a8626dc9cf1e",
            "id": "rtb-060f9a8626dc9cf1e",
            "owner_id": "194722441708",
            "propagating_vgws": [],
            "route": [
              {
                "carrier_gateway_id": "",
                "cidr_block": "0.0.0.0/0",
                "core_network_arn": "",
                "destination_prefix_list_id": "",
                "egress_only_gateway_id": "",
                "gateway_id": "",
                "ipv6_cidr_block": "",
                "local_gateway_id": "",
                "nat_gateway_id": "nat-0ab6437bcffe4ceb8",
                "network_interface_id": "",
                "transit_gateway_id": "",
                "vpc_endpoint_id": "",
                "vpc_peering_connection_id": ""
              }
            ],
            "tags": {
              "Environment": "assignment",
              "Name": "asterra-private-rt",
              "Type": "Private"
            },
            "tags_all": {
              "Environment": "assignment",
              "Name": "asterra-private-rt",
              "Type": "Private"
            },
            "timeouts": null,
            "vpc_id": "vpc-0848ba8a968a279de"
          },
          "sensitive_attributes": [],
          "private": "eyJlMmJmYjczMC1lY2FhLTExZTYtOGY4OC0zNDM2M2JjN2M0YzAiOnsiY3JlYXRlIjozMDAwMDAwMDAwMDAsImRlbGV0ZSI6MzAwMDAwMDAwMDAwLCJ1cGRhdGUiOjEyMDAwMDAwMDAwMH19",
          "dependencies": [
            "aws_eip.nat",
            "aws_internet_gateway.igw",
            "aws_nat_gateway.nat",
            "aws_subnet.public",
            "aws_vpc.main",
            "data.aws_availability_zones.available"
          ]
        }
      ]
    },
    {
      "mode": "managed",
      "type": "aws_route_table",
      "name": "public",
      "provider": "provider[\"registry.terraform.io/hashicorp/aws\"]",
      "instances": [
        {
          "schema_version": 0,
          "attributes": {
            "arn": "arn:aws:ec2:us-east-1:194722441708:route-table/rtb-05732f96fa244bc89",
            "id": "rtb-05732f96fa244bc89",
            "owner_id": "194722441708",
            "propagating_vgws": [],
            "route": [
              {
                "carrier_gateway_id": "",
                "cidr_block": "0.0.0.0/0",
                "core_network_arn": "",
                "destination_prefix_list_id": "",
                "egress_only_gateway_id": "",
                "gateway_id": "igw-0634cf98a0c9d79a2",
                "ipv6_cidr_block": "",
                "local_gateway_id": "",
                "nat_gateway_id": "",
                "network_interface_id": "",
                "transit_gateway_id": "",
                "vpc_endpoint_id": "",
                "vpc_peering_connection_id": ""
              }
            ],
            "tags": {
              "Environment": "assignment",
              "Name": "asterra-public-rt",
              "Type": "Public"
            },
            "tags_all": {
              "Environment": "assignment",
              "Name": "asterra-public-rt",
              "Type": "Public"
            },
            "timeouts": null,
            "vpc_id": "vpc-0848ba8a968a279de"
          },
          "sensitive_attributes": [],
          "private": "eyJlMmJmYjczMC1lY2FhLTExZTYtOGY4OC0zNDM2M2JjN2M0YzAiOnsiY3JlYXRlIjozMDAwMDAwMDAwMDAsImRlbGV0ZSI6MzAwMDAwMDAwMDAwLCJ1cGRhdGUiOjEyMDAwMDAwMDAwMH19",
          "dependencies": [
            "aws_internet_gateway.igw",
            "aws_vpc.main"
          ]
        }
      ]
    },
    {
      "mode": "managed",
      "type": "aws_route_table_association",
      "name": "database",
      "provider": "provider[\"registry.terraform.io/hashicorp/aws\"]",
      "instances": [
        {
          "index_key": 0,
          "schema_version": 0,
          "attributes": {
            "gateway_id": "",
            "id": "rtbassoc-0983b44c888c03883",
            "route_table_id": "rtb-00b6ab47dc4a43eb2",
            "subnet_id": "subnet-01d02b1899693bf5d",
            "timeouts": null
          },
          "sensitive_attributes": [],
          "private": "eyJlMmJmYjczMC1lY2FhLTExZTYtOGY4OC0zNDM2M2JjN2M0YzAiOnsiY3JlYXRlIjozMDAwMDAwMDAwMDAsImRlbGV0ZSI6MzAwMDAwMDAwMDAwLCJ1cGRhdGUiOjEyMDAwMDAwMDAwMH19",
          "dependencies": [
            "aws_route_table.database",
            "aws_subnet.database",
            "aws_vpc.main",
            "data.aws_availability_zones.available"
          ]
        },
        {
          "index_key": 1,
          "schema_version": 0,
          "attributes": {
            "gateway_id": "",
            "id": "rtbassoc-0c3a57aca26a9ff6a",
            "route_table_id": "rtb-00b6ab47dc4a43eb2",
            "subnet_id": "subnet-0db3601129ddef119",
            "timeouts": null
          },
          "sensitive_attributes": [],
          "private": "eyJlMmJmYjczMC1lY2FhLTExZTYtOGY4OC0zNDM2M2JjN2M0YzAiOnsiY3JlYXRlIjozMDAwMDAwMDAwMDAsImRlbGV0ZSI6MzAwMDAwMDAwMDAwLCJ1cGRhdGUiOjEyMDAwMDAwMDAwMH19",
          "dependencies": [
            "aws_route_table.database",
            "aws_subnet.database",
            "aws_vpc.main",
            "data.aws_availability_zones.available"
          ]
        }
      ]
    },
    {
      "mode": "managed",
      "type": "aws_route_table_association",
      "name": "private",
      "provider": "provider[\"registry.terraform.io/hashicorp/aws\"]",
      "instances": [
        {
          "index_key": 0,
          "schema_version": 0,
          "attributes": {
            "gateway_id": "",
            "id": "rtbassoc-0bbda421f92495b35",
            "route_table_id": "rtb-060f9a8626dc9cf1e",
            "subnet_id": "subnet-0bb9914b2756dfd0a",
            "timeouts": null
          },
          "sensitive_attributes": [],
          "private": "eyJlMmJmYjczMC1lY2FhLTExZTYtOGY4OC0zNDM2M2JjN2M0YzAiOnsiY3JlYXRlIjozMDAwMDAwMDAwMDAsImRlbGV0ZSI6MzAwMDAwMDAwMDAwLCJ1cGRhdGUiOjEyMDAwMDAwMDAwMH19",
          "dependencies": [
            "aws_eip.nat",
            "aws_internet_gateway.igw",
            "aws_nat_gateway.nat",
            "aws_route_table.private",
            "aws_subnet.private",
            "aws_subnet.public",
            "aws_vpc.main",
            "data.aws_availability_zones.available"
          ]
        },
        {
          "index_key": 1,
          "schema_version": 0,
          "attributes": {
            "gateway_id": "",
            "id": "rtbassoc-0bdc171e0a3e9d363",
            "route_table_id": "rtb-060f9a8626dc9cf1e",
            "subnet_id": "subnet-0e2125ed973801e0d",
            "timeouts": null
          },
          "sensitive_attributes": [],
          "private": "eyJlMmJmYjczMC1lY2FhLTExZTYtOGY4OC0zNDM2M2JjN2M0YzAiOnsiY3JlYXRlIjozMDAwMDAwMDAwMDAsImRlbGV0ZSI6MzAwMDAwMDAwMDAwLCJ1cGRhdGUiOjEyMDAwMDAwMDAwMH19",
          "dependencies": [
            "aws_eip.nat",
            "aws_internet_gateway.igw",
            "aws_nat_gateway.nat",
            "aws_route_table.private",
            "aws_subnet.private",
            "aws_subnet.public",
            "aws_vpc.main",
            "data.aws_availability_zones.available"
          ]
        }
      ]
    },
    {
      "mode": "managed",
      "type": "aws_route_table_association",
      "name": "public",
      "provider": "provider[\"registry.terraform.io/hashicorp/aws\"]",
      "instances": [
        {
          "index_key": 0,
          "schema_version": 0,
          "attributes": {
            "gateway_id": "",
            "id": "rtbassoc-0f3dc903b4500f574",
            "route_table_id": "rtb-05732f96fa244bc89",
            "subnet_id": "subnet-0390306e589945532",
            "timeouts": null
          },
          "sensitive_attributes": [],
          "private": "eyJlMmJmYjczMC1lY2FhLTExZTYtOGY4OC0zNDM2M2JjN2M0YzAiOnsiY3JlYXRlIjozMDAwMDAwMDAwMDAsImRlbGV0ZSI6MzAwMDAwMDAwMDAwLCJ1cGRhdGUiOjEyMDAwMDAwMDAwMH19",
          "dependencies": [
            "aws_internet_gateway.igw",
            "aws_route_table.public",
            "aws_subnet.public",
            "aws_vpc.main",
            "data.aws_availability_zones.available"
          ]
        },
        {
          "index_key": 1,
          "schema_version": 0,
          "attributes": {
            "gateway_id": "",
            "id": "rtbassoc-0100e0321c243edb7",
            "route_table_id": "rtb-05732f96fa244bc89",
            "subnet_id": "subnet-0cb25c7185de8aed4",
            "timeouts": null
          },
          "sensitive_attributes": [],
          "private": "eyJlMmJmYjczMC1lY2FhLTExZTYtOGY4OC0zNDM2M2JjN2M0YzAiOnsiY3JlYXRlIjozMDAwMDAwMDAwMDAsImRlbGV0ZSI6MzAwMDAwMDAwMDAwLCJ1cGRhdGUiOjEyMDAwMDAwMDAwMH19",
          "dependencies": [
            "aws_internet_gateway.igw",
            "aws_route_table.public",
            "aws_subnet.public",
            "aws_vpc.main",
            "data.aws_availability_zones.available"
          ]
        }
      ]
    },
    {
      "mode": "managed",
      "type": "aws_s3_bucket",
      "name": "data_ingestion",
      "provider": "provider[\"registry.terraform.io/hashicorp/aws\"]",
      "instances": [
        {
          "schema_version": 0,
          "attributes": {
            "acceleration_status": "",
            "acl": null,
            "arn": "arn:aws:s3:::asterra-data-ingestion-94d54dba",
            "bucket": "asterra-data-ingestion-94d54dba",
            "bucket_domain_name": "asterra-data-ingestion-94d54dba.s3.amazonaws.com",
            "bucket_prefix": "",
            "bucket_regional_domain_name": "asterra-data-ingestion-94d54dba.s3.us-east-1.amazonaws.com",
            "cors_rule": [],
            "force_destroy": true,
            "grant": [
              {
                "id": "b6a73b089956279c422e7f107d22cc03e26d32773487ad67719a2d1e3a182394",
                "permissions": [
                  "FULL_CONTROL"
                ],
                "type": "CanonicalUser",
                "uri": ""
              }
            ],
            "hosted_zone_id": "Z3AQBSTGFYJSTF",
            "id": "asterra-data-ingestion-94d54dba",
            "lifecycle_rule": [
              {
                "abort_incomplete_multipart_upload_days": 0,
                "enabled": true,
                "expiration": [
                  {
                    "date": "",
                    "days": 365,
                    "expired_object_delete_marker": false
                  }
                ],
                "id": "transition_to_ia",
                "noncurrent_version_expiration": [
                  {
                    "days": 30
                  }
                ],
                "noncurrent_version_transition": [],
                "prefix": "",
                "tags": {},
                "transition": [
                  {
                    "date": "",
                    "days": 30,
                    "storage_class": "STANDARD_IA"
                  },
                  {
                    "date": "",
                    "days": 90,
                    "storage_class": "GLACIER"
                  }
                ]
              },
              {
                "abort_incomplete_multipart_upload_days": 1,
                "enabled": true,
                "expiration": [],
                "id": "delete_incomplete_uploads",
                "noncurrent_version_expiration": [],
                "noncurrent_version_transition": [],
                "prefix": "",
                "tags": {},
                "transition": []
              }
            ],
            "logging": [],
            "object_lock_configuration": [],
            "object_lock_enabled": false,
            "policy": "",
            "region": "us-east-1",
            "replication_configuration": [],
            "request_payer": "BucketOwner",
            "server_side_encryption_configuration": [
              {
                "rule": [
                  {
                    "apply_server_side_encryption_by_default": [
                      {
                        "kms_master_key_id": "",
                        "sse_algorithm": "AES256"
                      }
                    ],
                    "bucket_key_enabled": true
                  }
                ]
              }
            ],
            "tags": {
              "Environment": "assignment",
              "Name": "asterra-data-ingestion",
              "Purpose": "GeoJSON file uploads and processing triggers"
            },
            "tags_all": {
              "Environment": "assignment",
              "Name": "asterra-data-ingestion",
              "Purpose": "GeoJSON file uploads and processing triggers"
            },
            "timeouts": null,
            "versioning": [
              {
                "enabled": true,
                "mfa_delete": false
              }
            ],
            "website": [],
            "website_domain": null,
            "website_endpoint": null
          },
          "sensitive_attributes": [],
          "private": "eyJlMmJmYjczMC1lY2FhLTExZTYtOGY4OC0zNDM2M2JjN2M0YzAiOnsiY3JlYXRlIjoxMjAwMDAwMDAwMDAwLCJkZWxldGUiOjM2MDAwMDAwMDAwMDAsInJlYWQiOjEyMDAwMDAwMDAwMDAsInVwZGF0ZSI6MTIwMDAwMDAwMDAwMH19",
          "dependencies": [
            "random_id.bucket_suffix"
          ]
        }
      ]
    },
    {
      "mode": "managed",
      "type": "aws_s3_bucket",
      "name": "public_docs",
      "provider": "provider[\"registry.terraform.io/hashicorp/aws\"]",
      "instances": [
        {
          "schema_version": 0,
          "attributes": {
            "acceleration_status": "",
            "acl": null,
            "arn": "arn:aws:s3:::asterra-public-docs-94d54dba",
            "bucket": "asterra-public-docs-94d54dba",
            "bucket_domain_name": "asterra-public-docs-94d54dba.s3.amazonaws.com",
            "bucket_prefix": "",
            "bucket_regional_domain_name": "asterra-public-docs-94d54dba.s3.us-east-1.amazonaws.com",
            "cors_rule": [],
            "force_destroy": true,
            "grant": [
              {
                "id": "b6a73b089956279c422e7f107d22cc03e26d32773487ad67719a2d1e3a182394",
                "permissions": [
                  "FULL_CONTROL"
                ],
                "type": "CanonicalUser",
                "uri": ""
              }
            ],
            "hosted_zone_id": "Z3AQBSTGFYJSTF",
            "id": "asterra-public-docs-94d54dba",
            "lifecycle_rule": [],
            "logging": [],
            "object_lock_configuration": [],
            "object_lock_enabled": false,
            "policy": "",
            "region": "us-east-1",
            "replication_configuration": [],
            "request_payer": "BucketOwner",
            "server_side_encryption_configuration": [
              {
                "rule": [
                  {
                    "apply_server_side_encryption_by_default": [
                      {
                        "kms_master_key_id": "",
                        "sse_algorithm": "AES256"
                      }
                    ],
                    "bucket_key_enabled": true
                  }
                ]
              }
            ],
            "tags": {
              "Environment": "assignment",
              "Name": "asterra-public-docs",
              "Purpose": "Public documentation and half-pager report"
            },
            "tags_all": {
              "Environment": "assignment",
              "Name": "asterra-public-docs",
              "Purpose": "Public documentation and half-pager report"
            },
            "timeouts": null,
            "versioning": [
              {
                "enabled": false,
                "mfa_delete": false
              }
            ],
            "website": [
              {
                "error_document": "error.html",
                "index_document": "index.html",
                "redirect_all_requests_to": "",
                "routing_rules": ""
              }
            ],
            "website_domain": "s3-website-us-east-1.amazonaws.com",
            "website_endpoint": "asterra-public-docs-94d54dba.s3-website-us-east-1.amazonaws.com"
          },
          "sensitive_attributes": [],
          "private": "eyJlMmJmYjczMC1lY2FhLTExZTYtOGY4OC0zNDM2M2JjN2M0YzAiOnsiY3JlYXRlIjoxMjAwMDAwMDAwMDAwLCJkZWxldGUiOjM2MDAwMDAwMDAwMDAsInJlYWQiOjEyMDAwMDAwMDAwMDAsInVwZGF0ZSI6MTIwMDAwMDAwMDAwMH19",
          "dependencies": [
            "random_id.bucket_suffix"
          ]
        }
      ]
    },
    {
      "mode": "managed",
      "type": "aws_s3_bucket",
      "name": "terraform_state",
      "provider": "provider[\"registry.terraform.io/hashicorp/aws\"]",
      "instances": [
        {
          "schema_version": 0,
          "attributes": {
            "acceleration_status": "",
            "acl": null,
            "arn": "arn:aws:s3:::asterra-terraform-state-94d54dba",
            "bucket": "asterra-terraform-state-94d54dba",
            "bucket_domain_name": "asterra-terraform-state-94d54dba.s3.amazonaws.com",
            "bucket_prefix": "",
            "bucket_regional_domain_name": "asterra-terraform-state-94d54dba.s3.us-east-1.amazonaws.com",
            "cors_rule": [],
            "force_destroy": true,
            "grant": [
              {
                "id": "b6a73b089956279c422e7f107d22cc03e26d32773487ad67719a2d1e3a182394",
                "permissions": [
                  "FULL_CONTROL"
                ],
                "type": "CanonicalUser",
                "uri": ""
              }
            ],
            "hosted_zone_id": "Z3AQBSTGFYJSTF",
            "id": "asterra-terraform-state-94d54dba",
            "lifecycle_rule": [],
            "logging": [],
            "object_lock_configuration": [],
            "object_lock_enabled": false,
            "policy": "",
            "region": "us-east-1",
            "replication_configuration": [],
            "request_payer": "BucketOwner",
            "server_side_encryption_configuration": [
              {
                "rule": [
                  {
                    "apply_server_side_encryption_by_default": [
                      {
                        "kms_master_key_id": "",
                        "sse_algorithm": "AES256"
                      }
                    ],
                    "bucket_key_enabled": true
                  }
                ]
              }
            ],
            "tags": {
              "Environment": "assignment",
              "Name": "asterra-terraform-state",
              "Purpose": "Terraform state storage"
            },
            "tags_all": {
              "Environment": "assignment",
              "Name": "asterra-terraform-state",
              "Purpose": "Terraform state storage"
            },
            "timeouts": null,
            "versioning": [
              {
                "enabled": true,
                "mfa_delete": false
              }
            ],
            "website": [],
            "website_domain": null,
            "website_endpoint": null
          },
          "sensitive_attributes": [],
          "private": "eyJlMmJmYjczMC1lY2FhLTExZTYtOGY4OC0zNDM2M2JjN2M0YzAiOnsiY3JlYXRlIjoxMjAwMDAwMDAwMDAwLCJkZWxldGUiOjM2MDAwMDAwMDAwMDAsInJlYWQiOjEyMDAwMDAwMDAwMDAsInVwZGF0ZSI6MTIwMDAwMDAwMDAwMH19",
          "dependencies": [
            "random_id.bucket_suffix"
          ]
        }
      ]
    },
    {
      "mode": "managed",
      "type": "aws_s3_bucket_lifecycle_configuration",
      "name": "data_ingestion",
      "provider": "provider[\"registry.terraform.io/hashicorp/aws\"]",
      "instances": [
        {
          "schema_version": 1,
          "attributes": {
            "bucket": "asterra-data-ingestion-94d54dba",
            "expected_bucket_owner": "",
            "id": "asterra-data-ingestion-94d54dba",
            "rule": [
              {
                "abort_incomplete_multipart_upload": [],
                "expiration": [
                  {
                    "date": null,
                    "days": 365,
                    "expired_object_delete_marker": false
                  }
                ],
                "filter": [
                  {
                    "and": [],
                    "object_size_greater_than": null,
                    "object_size_less_than": null,
                    "prefix": "",
                    "tag": []
                  }
                ],
                "id": "transition_to_ia",
                "noncurrent_version_expiration": [
                  {
                    "newer_noncurrent_versions": null,
                    "noncurrent_days": 30
                  }
                ],
                "noncurrent_version_transition": [],
                "prefix": "",
                "status": "Enabled",
                "transition": [
                  {
                    "date": null,
                    "days": 30,
                    "storage_class": "STANDARD_IA"
                  },
                  {
                    "date": null,
                    "days": 90,
                    "storage_class": "GLACIER"
                  }
                ]
              },
              {
                "abort_incomplete_multipart_upload": [
                  {
                    "days_after_initiation": 1
                  }
                ],
                "expiration": [],
                "filter": [
                  {
                    "and": [],
                    "object_size_greater_than": null,
                    "object_size_less_than": null,
                    "prefix": "",
                    "tag": []
                  }
                ],
                "id": "delete_incomplete_uploads",
                "noncurrent_version_expiration": [],
                "noncurrent_version_transition": [],
                "prefix": "",
                "status": "Enabled",
                "transition": []
              }
            ],
            "timeouts": null,
            "transition_default_minimum_object_size": "all_storage_classes_128K"
          },
          "sensitive_attributes": [],
          "dependencies": [
            "aws_s3_bucket.data_ingestion",
            "random_id.bucket_suffix"
          ]
        }
      ]
    },
    {
      "mode": "managed",
      "type": "aws_s3_bucket_notification",
      "name": "data_ingestion_notification",
      "provider": "provider[\"registry.terraform.io/hashicorp/aws\"]",
      "instances": [
        {
          "schema_version": 0,
          "attributes": {
            "bucket": "asterra-data-ingestion-94d54dba",
            "eventbridge": false,
            "id": "asterra-data-ingestion-94d54dba",
            "lambda_function": [],
            "queue": [],
            "topic": []
          },
          "sensitive_attributes": [],
          "private": "bnVsbA==",
          "dependencies": [
            "aws_s3_bucket.data_ingestion",
            "aws_s3_bucket_public_access_block.data_ingestion",
            "random_id.bucket_suffix"
          ]
        }
      ]
    },
    {
      "mode": "managed",
      "type": "aws_s3_bucket_notification",
      "name": "geojson_processor_trigger",
      "provider": "provider[\"registry.terraform.io/hashicorp/aws\"]",
      "instances": [
        {
          "schema_version": 0,
          "attributes": {
            "bucket": "asterra-data-ingestion-94d54dba",
            "eventbridge": false,
            "id": "asterra-data-ingestion-94d54dba",
            "lambda_function": [
              {
                "events": [
                  "s3:ObjectCreated:*"
                ],
                "filter_prefix": "",
                "filter_suffix": ".geojson",
                "id": "tf-s3-lambda-20250709203724689400000001",
                "lambda_function_arn": "arn:aws:lambda:us-east-1:194722441708:function:asterra-assignment-assignment-s3-geojson-processor"
              }
            ],
            "queue": [],
            "topic": []
          },
          "sensitive_attributes": [],
          "private": "bnVsbA==",
          "dependencies": [
            "aws_cloudwatch_log_group.ecs_logs",
            "aws_cloudwatch_log_group.lambda_logs",
            "aws_ecr_repository.app_repo",
            "aws_ecs_cluster.main",
            "aws_ecs_task_definition.geojson_processor",
            "aws_iam_policy.lambda_s3_processor_policy",
            "aws_iam_role.ecs_execution_role",
            "aws_iam_role.ecs_task_role",
            "aws_iam_role.lambda_s3_processor",
            "aws_iam_role_policy_attachment.lambda_s3_processor_policy",
            "aws_lambda_function.s3_geojson_processor",
            "aws_lambda_permission.allow_s3",
            "aws_s3_bucket.data_ingestion",
            "aws_secretsmanager_secret.db_credentials",
            "aws_security_group.private_sg",
            "aws_security_group.public_sg",
            "aws_subnet.private",
            "aws_subnet.public",
            "aws_vpc.main",
            "data.archive_file.lambda_zip",
            "data.aws_availability_zones.available",
            "data.aws_region.current",
            "random_id.bucket_suffix"
          ]
        }
      ]
    },
    {
      "mode": "managed",
      "type": "aws_s3_bucket_public_access_block",
      "name": "data_ingestion",
      "provider": "provider[\"registry.terraform.io/hashicorp/aws\"]",
      "instances": [
        {
          "schema_version": 0,
          "attributes": {
            "block_public_acls": true,
            "block_public_policy": true,
            "bucket": "asterra-data-ingestion-94d54dba",
            "id": "asterra-data-ingestion-94d54dba",
            "ignore_public_acls": true,
            "restrict_public_buckets": true
          },
          "sensitive_attributes": [],
          "private": "bnVsbA==",
          "dependencies": [
            "aws_s3_bucket.data_ingestion",
            "random_id.bucket_suffix"
          ]
        }
      ]
    },
    {
      "mode": "managed",
      "type": "aws_s3_bucket_public_access_block",
      "name": "terraform_state",
      "provider": "provider[\"registry.terraform.io/hashicorp/aws\"]",
      "instances": [
        {
          "schema_version": 0,
          "attributes": {
            "block_public_acls": true,
            "block_public_policy": true,
            "bucket": "asterra-terraform-state-94d54dba",
            "id": "asterra-terraform-state-94d54dba",
            "ignore_public_acls": true,
            "restrict_public_buckets": true
          },
          "sensitive_attributes": [],
          "private": "bnVsbA==",
          "dependencies": [
            "aws_s3_bucket.terraform_state",
            "random_id.bucket_suffix"
          ]
        }
      ]
    },
    {
      "mode": "managed",
      "type": "aws_s3_bucket_server_side_encryption_configuration",
      "name": "data_ingestion",
      "provider": "provider[\"registry.terraform.io/hashicorp/aws\"]",
      "instances": [
        {
          "schema_version": 0,
          "attributes": {
            "bucket": "asterra-data-ingestion-94d54dba",
            "expected_bucket_owner": "",
            "id": "asterra-data-ingestion-94d54dba",
            "rule": [
              {
                "apply_server_side_encryption_by_default": [
                  {
                    "kms_master_key_id": "",
                    "sse_algorithm": "AES256"
                  }
                ],
                "bucket_key_enabled": true
              }
            ]
          },
          "sensitive_attributes": [],
          "private": "bnVsbA==",
          "dependencies": [
            "aws_s3_bucket.data_ingestion",
            "random_id.bucket_suffix"
          ]
        }
      ]
    },
    {
      "mode": "managed",
      "type": "aws_s3_bucket_server_side_encryption_configuration",
      "name": "public_docs",
      "provider": "provider[\"registry.terraform.io/hashicorp/aws\"]",
      "instances": [
        {
          "schema_version": 0,
          "attributes": {
            "bucket": "asterra-public-docs-94d54dba",
            "expected_bucket_owner": "",
            "id": "asterra-public-docs-94d54dba",
            "rule": [
              {
                "apply_server_side_encryption_by_default": [
                  {
                    "kms_master_key_id": "",
                    "sse_algorithm": "AES256"
                  }
                ],
                "bucket_key_enabled": true
              }
            ]
          },
          "sensitive_attributes": [],
          "private": "bnVsbA==",
          "dependencies": [
            "aws_s3_bucket.public_docs",
            "random_id.bucket_suffix"
          ]
        }
      ]
    },
    {
      "mode": "managed",
      "type": "aws_s3_bucket_server_side_encryption_configuration",
      "name": "terraform_state",
      "provider": "provider[\"registry.terraform.io/hashicorp/aws\"]",
      "instances": [
        {
          "schema_version": 0,
          "attributes": {
            "bucket": "asterra-terraform-state-94d54dba",
            "expected_bucket_owner": "",
            "id": "asterra-terraform-state-94d54dba",
            "rule": [
              {
                "apply_server_side_encryption_by_default": [
                  {
                    "kms_master_key_id": "",
                    "sse_algorithm": "AES256"
                  }
                ],
                "bucket_key_enabled": true
              }
            ]
          },
          "sensitive_attributes": [],
          "private": "bnVsbA==",
          "dependencies": [
            "aws_s3_bucket.terraform_state",
            "random_id.bucket_suffix"
          ]
        }
      ]
    },
    {
      "mode": "managed",
      "type": "aws_s3_bucket_versioning",
      "name": "data_ingestion",
      "provider": "provider[\"registry.terraform.io/hashicorp/aws\"]",
      "instances": [
        {
          "schema_version": 0,
          "attributes": {
            "bucket": "asterra-data-ingestion-94d54dba",
            "expected_bucket_owner": "",
            "id": "asterra-data-ingestion-94d54dba",
            "mfa": null,
            "versioning_configuration": [
              {
                "mfa_delete": "",
                "status": "Enabled"
              }
            ]
          },
          "sensitive_attributes": [],
          "private": "bnVsbA==",
          "dependencies": [
            "aws_s3_bucket.data_ingestion",
            "random_id.bucket_suffix"
          ]
        }
      ]
    },
    {
      "mode": "managed",
      "type": "aws_s3_bucket_versioning",
      "name": "terraform_state",
      "provider": "provider[\"registry.terraform.io/hashicorp/aws\"]",
      "instances": [
        {
          "schema_version": 0,
          "attributes": {
            "bucket": "asterra-terraform-state-94d54dba",
            "expected_bucket_owner": "",
            "id": "asterra-terraform-state-94d54dba",
            "mfa": null,
            "versioning_configuration": [
              {
                "mfa_delete": "",
                "status": "Enabled"
              }
            ]
          },
          "sensitive_attributes": [],
          "private": "bnVsbA==",
          "dependencies": [
            "aws_s3_bucket.terraform_state",
            "random_id.bucket_suffix"
          ]
        }
      ]
    },
    {
      "mode": "managed",
      "type": "aws_s3_bucket_website_configuration",
      "name": "public_docs",
      "provider": "provider[\"registry.terraform.io/hashicorp/aws\"]",
      "instances": [
        {
          "schema_version": 0,
          "attributes": {
            "bucket": "asterra-public-docs-94d54dba",
            "error_document": [
              {
                "key": "error.html"
              }
            ],
            "expected_bucket_owner": "",
            "id": "asterra-public-docs-94d54dba",
            "index_document": [
              {
                "suffix": "index.html"
              }
            ],
            "redirect_all_requests_to": [],
            "routing_rule": [],
            "routing_rules": "",
            "website_domain": "s3-website-us-east-1.amazonaws.com",
            "website_endpoint": "asterra-public-docs-94d54dba.s3-website-us-east-1.amazonaws.com"
          },
          "sensitive_attributes": [],
          "private": "bnVsbA==",
          "dependencies": [
            "aws_s3_bucket.public_docs",
            "random_id.bucket_suffix"
          ]
        }
      ]
    },
    {
      "mode": "managed",
      "type": "aws_s3_object",
      "name": "sample_geojson",
      "provider": "provider[\"registry.terraform.io/hashicorp/aws\"]",
      "instances": [
        {
          "schema_version": 0,
          "attributes": {
            "acl": null,
            "arn": "arn:aws:s3:::asterra-data-ingestion-94d54dba/samples/tel-aviv-sample.geojson",
            "bucket": "asterra-data-ingestion-94d54dba",
            "bucket_key_enabled": false,
            "cache_control": "",
            "checksum_algorithm": null,
            "checksum_crc32": "",
            "checksum_crc32c": "",
            "checksum_crc64nvme": "",
            "checksum_sha1": "",
            "checksum_sha256": "",
            "content": "{\"features\":[{\"geometry\":{\"coordinates\":[34.7818,32.0853],\"type\":\"Point\"},\"properties\":{\"description\":\"Sample GeoJSON for ASTERRA assignment\",\"name\":\"Tel Aviv Sample Point\",\"timestamp\":\"2025-07-09T20:37:24Z\"},\"type\":\"Feature\"}],\"type\":\"FeatureCollection\"}",
            "content_base64": null,
            "content_disposition": "",
            "content_encoding": "",
            "content_language": "",
            "content_type": "application/geo+json",
            "etag": "64c945c43b20078be3bbface3f8f7f35",
            "force_destroy": false,
            "id": "samples/tel-aviv-sample.geojson",
            "key": "samples/tel-aviv-sample.geojson",
            "kms_key_id": null,
            "metadata": {},
            "object_lock_legal_hold_status": "",
            "object_lock_mode": "",
            "object_lock_retain_until_date": "",
            "override_provider": [],
            "server_side_encryption": "AES256",
            "source": null,
            "source_hash": null,
            "storage_class": "STANDARD",
            "tags": {
              "Environment": "assignment",
              "Name": "sample-geojson"
            },
            "tags_all": {
              "Environment": "assignment",
              "Name": "sample-geojson"
            },
            "version_id": "yLIIVn8pqS8axc1g0UHVmHFevzGG62_M",
            "website_redirect": ""
          },
          "sensitive_attributes": [],
          "private": "bnVsbA==",
          "dependencies": [
            "aws_s3_bucket.data_ingestion",
            "random_id.bucket_suffix"
          ]
        }
      ]
    },
    {
      "mode": "managed",
      "type": "aws_secretsmanager_secret",
      "name": "db_credentials",
      "provider": "provider[\"registry.terraform.io/hashicorp/aws\"]",
      "instances": [
        {
          "schema_version": 0,
          "attributes": {
            "arn": "arn:aws:secretsmanager:us-east-1:194722441708:secret:asterra/database/credentials-tMiePH",
            "description": "Database credentials for ASTERRA assignment",
            "force_overwrite_replica_secret": false,
            "id": "arn:aws:secretsmanager:us-east-1:194722441708:secret:asterra/database/credentials-tMiePH",
            "kms_key_id": "",
            "name": "asterra/database/credentials",
            "name_prefix": "",
            "policy": "",
            "recovery_window_in_days": 0,
            "replica": [],
            "tags": {
              "Environment": "assignment",
              "Name": "asterra-db-credentials"
            },
            "tags_all": {
              "Environment": "assignment",
              "Name": "asterra-db-credentials"
            }
          },
          "sensitive_attributes": [],
          "private": "bnVsbA=="
        }
      ]
    },
    {
      "mode": "managed",
      "type": "aws_secretsmanager_secret_version",
      "name": "db_credentials",
      "provider": "provider[\"registry.terraform.io/hashicorp/aws\"]",
      "instances": [
        {
          "schema_version": 0,
          "attributes": {
            "arn": "arn:aws:secretsmanager:us-east-1:194722441708:secret:asterra/database/credentials-tMiePH",
            "has_secret_string_wo": null,
            "id": "arn:aws:secretsmanager:us-east-1:194722441708:secret:asterra/database/credentials-tMiePH|terraform-20250709175446111400000001",
            "secret_binary": "",
            "secret_id": "arn:aws:secretsmanager:us-east-1:194722441708:secret:asterra/database/credentials-tMiePH",
            "secret_string": "{\"dbname\":\"asterra_gis\",\"engine\":\"postgres\",\"host\":\"asterra-postgres-gis.chiegsm6e8tt.us-east-1.rds.amazonaws.com:5432\",\"password\":\"Aa12345678912345\",\"port\":5432,\"username\":\"postgres\"}",
            "secret_string_wo": null,
            "secret_string_wo_version": null,
            "version_id": "terraform-20250709175446111400000001",
            "version_stages": [
              "AWSCURRENT"
            ]
          },
          "sensitive_attributes": [
            [
              {
                "type": "get_attr",
                "value": "secret_string"
              }
            ],
            [
              {
                "type": "get_attr",
                "value": "secret_string_wo"
              }
            ],
            [
              {
                "type": "get_attr",
                "value": "secret_binary"
              }
            ]
          ],
          "private": "bnVsbA==",
          "dependencies": [
            "aws_db_instance.postgres",
            "aws_db_parameter_group.postgres_postgis",
            "aws_db_subnet_group.main",
            "aws_iam_role.rds_monitoring",
            "aws_secretsmanager_secret.db_credentials",
            "aws_security_group.database_sg",
            "aws_security_group.private_sg",
            "aws_security_group.public_sg",
            "aws_subnet.database",
            "aws_subnet.public",
            "aws_vpc.main",
            "data.aws_availability_zones.available"
          ]
        }
      ]
    },
    {
      "mode": "managed",
      "type": "aws_security_group",
      "name": "alb_sg",
      "provider": "provider[\"registry.terraform.io/hashicorp/aws\"]",
      "instances": [
        {
          "schema_version": 1,
          "attributes": {
            "arn": "arn:aws:ec2:us-east-1:194722441708:security-group/sg-08a478c88f7ae323c",
            "description": "Security group for Application Load Balancer",
            "egress": [
              {
                "cidr_blocks": [
                  "0.0.0.0/0"
                ],
                "description": "",
                "from_port": 0,
                "ipv6_cidr_blocks": [],
                "prefix_list_ids": [],
                "protocol": "-1",
                "security_groups": [],
                "self": false,
                "to_port": 0
              }
            ],
            "id": "sg-08a478c88f7ae323c",
            "ingress": [
              {
                "cidr_blocks": [
                  "0.0.0.0/0"
                ],
                "description": "HTTP",
                "from_port": 80,
                "ipv6_cidr_blocks": [],
                "prefix_list_ids": [],
                "protocol": "tcp",
                "security_groups": [],
                "self": false,
                "to_port": 80
              },
              {
                "cidr_blocks": [
                  "0.0.0.0/0"
                ],
                "description": "HTTPS",
                "from_port": 443,
                "ipv6_cidr_blocks": [],
                "prefix_list_ids": [],
                "protocol": "tcp",
                "security_groups": [],
                "self": false,
                "to_port": 443
              }
            ],
            "name": "asterra-alb-sg",
            "name_prefix": "",
            "owner_id": "194722441708",
            "revoke_rules_on_delete": false,
            "tags": {
              "Environment": "assignment",
              "Name": "asterra-alb-sg",
              "Type": "LoadBalancer"
            },
            "tags_all": {
              "Environment": "assignment",
              "Name": "asterra-alb-sg",
              "Type": "LoadBalancer"
            },
            "timeouts": null,
            "vpc_id": "vpc-0848ba8a968a279de"
          },
          "sensitive_attributes": [],
          "private": "eyJlMmJmYjczMC1lY2FhLTExZTYtOGY4OC0zNDM2M2JjN2M0YzAiOnsiY3JlYXRlIjo2MDAwMDAwMDAwMDAsImRlbGV0ZSI6OTAwMDAwMDAwMDAwfSwic2NoZW1hX3ZlcnNpb24iOiIxIn0=",
          "dependencies": [
            "aws_vpc.main"
          ]
        }
      ]
    },
    {
      "mode": "managed",
      "type": "aws_security_group",
      "name": "database_sg",
      "provider": "provider[\"registry.terraform.io/hashicorp/aws\"]",
      "instances": [
        {
          "schema_version": 1,
          "attributes": {
            "arn": "arn:aws:ec2:us-east-1:194722441708:security-group/sg-0ba78f4aec837247c",
            "description": "Security group for PostgreSQL database",
            "egress": [],
            "id": "sg-0ba78f4aec837247c",
            "ingress": [
              {
                "cidr_blocks": [
                  "10.0.0.0/16"
                ],
                "description": "PostgreSQL from VPC",
                "from_port": 5432,
                "ipv6_cidr_blocks": [],
                "prefix_list_ids": [],
                "protocol": "tcp",
                "security_groups": [],
                "self": false,
                "to_port": 5432
              },
              {
                "cidr_blocks": [],
                "description": "PostgreSQL from Private Services",
                "from_port": 5432,
                "ipv6_cidr_blocks": [],
                "prefix_list_ids": [],
                "protocol": "tcp",
                "security_groups": [
                  "sg-063993e483a61c7af"
                ],
                "self": false,
                "to_port": 5432
              },
              {
                "cidr_blocks": [],
                "description": "PostgreSQL from Public Services",
                "from_port": 5432,
                "ipv6_cidr_blocks": [],
                "prefix_list_ids": [],
                "protocol": "tcp",
                "security_groups": [
                  "sg-0a91ac97c8659f7a1"
                ],
                "self": false,
                "to_port": 5432
              }
            ],
            "name": "asterra-database-sg",
            "name_prefix": "",
            "owner_id": "194722441708",
            "revoke_rules_on_delete": false,
            "tags": {
              "Environment": "assignment",
              "Name": "asterra-database-sg",
              "Type": "Database"
            },
            "tags_all": {
              "Environment": "assignment",
              "Name": "asterra-database-sg",
              "Type": "Database"
            },
            "timeouts": null,
            "vpc_id": "vpc-0848ba8a968a279de"
          },
          "sensitive_attributes": [],
          "private": "eyJlMmJmYjczMC1lY2FhLTExZTYtOGY4OC0zNDM2M2JjN2M0YzAiOnsiY3JlYXRlIjo2MDAwMDAwMDAwMDAsImRlbGV0ZSI6OTAwMDAwMDAwMDAwfSwic2NoZW1hX3ZlcnNpb24iOiIxIn0=",
          "dependencies": [
            "aws_security_group.private_sg",
            "aws_security_group.public_sg",
            "aws_subnet.public",
            "aws_vpc.main",
            "data.aws_availability_zones.available"
          ]
        }
      ]
    },
    {
      "mode": "managed",
      "type": "aws_security_group",
      "name": "private_sg",
      "provider": "provider[\"registry.terraform.io/hashicorp/aws\"]",
      "instances": [
        {
          "schema_version": 1,
          "attributes": {
            "arn": "arn:aws:ec2:us-east-1:194722441708:security-group/sg-063993e483a61c7af",
            "description": "Security group for private services",
            "egress": [
              {
                "cidr_blocks": [
                  "0.0.0.0/0"
                ],
                "description": "",
                "from_port": 0,
                "ipv6_cidr_blocks": [],
                "prefix_list_ids": [],
                "protocol": "-1",
                "security_groups": [],
                "self": false,
                "to_port": 0
              }
            ],
            "id": "sg-063993e483a61c7af",
            "ingress": [
              {
                "cidr_blocks": [
                  "10.0.0.0/16"
                ],
                "description": "Internal VPC",
                "from_port": 0,
                "ipv6_cidr_blocks": [],
                "prefix_list_ids": [],
                "protocol": "tcp",
                "security_groups": [],
                "self": false,
                "to_port": 65535
              },
              {
                "cidr_blocks": [
                  "10.0.1.0/24",
                  "10.0.2.0/24"
                ],
                "description": "SSH from Public",
                "from_port": 22,
                "ipv6_cidr_blocks": [],
                "prefix_list_ids": [],
                "protocol": "tcp",
                "security_groups": [],
                "self": false,
                "to_port": 22
              },
              {
                "cidr_blocks": [],
                "description": "From Public Services",
                "from_port": 0,
                "ipv6_cidr_blocks": [],
                "prefix_list_ids": [],
                "protocol": "tcp",
                "security_groups": [
                  "sg-0a91ac97c8659f7a1"
                ],
                "self": false,
                "to_port": 65535
              }
            ],
            "name": "asterra-private-sg",
            "name_prefix": "",
            "owner_id": "194722441708",
            "revoke_rules_on_delete": false,
            "tags": {
              "Environment": "assignment",
              "Name": "asterra-private-sg",
              "Type": "Private"
            },
            "tags_all": {
              "Environment": "assignment",
              "Name": "asterra-private-sg",
              "Type": "Private"
            },
            "timeouts": null,
            "vpc_id": "vpc-0848ba8a968a279de"
          },
          "sensitive_attributes": [],
          "private": "eyJlMmJmYjczMC1lY2FhLTExZTYtOGY4OC0zNDM2M2JjN2M0YzAiOnsiY3JlYXRlIjo2MDAwMDAwMDAwMDAsImRlbGV0ZSI6OTAwMDAwMDAwMDAwfSwic2NoZW1hX3ZlcnNpb24iOiIxIn0=",
          "dependencies": [
            "aws_security_group.public_sg",
            "aws_subnet.public",
            "aws_vpc.main",
            "data.aws_availability_zones.available"
          ]
        }
      ]
    },
    {
      "mode": "managed",
      "type": "aws_security_group",
      "name": "public_sg",
      "provider": "provider[\"registry.terraform.io/hashicorp/aws\"]",
      "instances": [
        {
          "schema_version": 1,
          "attributes": {
            "arn": "arn:aws:ec2:us-east-1:194722441708:security-group/sg-0a91ac97c8659f7a1",
            "description": "Security group for public-facing services",
            "egress": [
              {
                "cidr_blocks": [
                  "0.0.0.0/0"
                ],
                "description": "",
                "from_port": 0,
                "ipv6_cidr_blocks": [],
                "prefix_list_ids": [],
                "protocol": "-1",
                "security_groups": [],
                "self": false,
                "to_port": 0
              }
            ],
            "id": "sg-0a91ac97c8659f7a1",
            "ingress": [
              {
                "cidr_blocks": [
                  "0.0.0.0/0"
                ],
                "description": "Custom App Port 8080",
                "from_port": 8080,
                "ipv6_cidr_blocks": [],
                "prefix_list_ids": [],
                "protocol": "tcp",
                "security_groups": [],
                "self": false,
                "to_port": 8080
              },
              {
                "cidr_blocks": [
                  "0.0.0.0/0"
                ],
                "description": "HTTP",
                "from_port": 80,
                "ipv6_cidr_blocks": [],
                "prefix_list_ids": [],
                "protocol": "tcp",
                "security_groups": [],
                "self": false,
                "to_port": 80
              },
              {
                "cidr_blocks": [
                  "0.0.0.0/0"
                ],
                "description": "HTTPS",
                "from_port": 443,
                "ipv6_cidr_blocks": [],
                "prefix_list_ids": [],
                "protocol": "tcp",
                "security_groups": [],
                "self": false,
                "to_port": 443
              },
              {
                "cidr_blocks": [
                  "0.0.0.0/0"
                ],
                "description": "SSH",
                "from_port": 22,
                "ipv6_cidr_blocks": [],
                "prefix_list_ids": [],
                "protocol": "tcp",
                "security_groups": [],
                "self": false,
                "to_port": 22
              }
            ],
            "name": "asterra-public-sg",
            "name_prefix": "",
            "owner_id": "194722441708",
            "revoke_rules_on_delete": false,
            "tags": {
              "Environment": "assignment",
              "Name": "asterra-public-sg",
              "Type": "Public"
            },
            "tags_all": {
              "Environment": "assignment",
              "Name": "asterra-public-sg",
              "Type": "Public"
            },
            "timeouts": null,
            "vpc_id": "vpc-0848ba8a968a279de"
          },
          "sensitive_attributes": [],
          "private": "eyJlMmJmYjczMC1lY2FhLTExZTYtOGY4OC0zNDM2M2JjN2M0YzAiOnsiY3JlYXRlIjo2MDAwMDAwMDAwMDAsImRlbGV0ZSI6OTAwMDAwMDAwMDAwfSwic2NoZW1hX3ZlcnNpb24iOiIxIn0=",
          "dependencies": [
            "aws_vpc.main"
          ]
        }
      ]
    },
    {
      "mode": "managed",
      "type": "aws_security_group",
      "name": "rdp_sg",
      "provider": "provider[\"registry.terraform.io/hashicorp/aws\"]",
      "instances": [
        {
          "schema_version": 1,
          "attributes": {
            "arn": "arn:aws:ec2:us-east-1:194722441708:security-group/sg-0712b8833e5744074",
            "description": "Security group for RDP access to development workspace",
            "egress": [
              {
                "cidr_blocks": [
                  "0.0.0.0/0"
                ],
                "description": "",
                "from_port": 0,
                "ipv6_cidr_blocks": [],
                "prefix_list_ids": [],
                "protocol": "-1",
                "security_groups": [],
                "self": false,
                "to_port": 0
              }
            ],
            "id": "sg-0712b8833e5744074",
            "ingress": [
              {
                "cidr_blocks": [
                  "0.0.0.0/0"
                ],
                "description": "RDP",
                "from_port": 3389,
                "ipv6_cidr_blocks": [],
                "prefix_list_ids": [],
                "protocol": "tcp",
                "security_groups": [],
                "self": false,
                "to_port": 3389
              }
            ],
            "name": "asterra-rdp-sg",
            "name_prefix": "",
            "owner_id": "194722441708",
            "revoke_rules_on_delete": false,
            "tags": {
              "Environment": "assignment",
              "Name": "asterra-rdp-sg",
              "Type": "RDP"
            },
            "tags_all": {
              "Environment": "assignment",
              "Name": "asterra-rdp-sg",
              "Type": "RDP"
            },
            "timeouts": null,
            "vpc_id": "vpc-0848ba8a968a279de"
          },
          "sensitive_attributes": [],
          "private": "eyJlMmJmYjczMC1lY2FhLTExZTYtOGY4OC0zNDM2M2JjN2M0YzAiOnsiY3JlYXRlIjo2MDAwMDAwMDAwMDAsImRlbGV0ZSI6OTAwMDAwMDAwMDAwfSwic2NoZW1hX3ZlcnNpb24iOiIxIn0=",
          "dependencies": [
            "aws_vpc.main"
          ]
        }
      ]
    },
    {
      "mode": "managed",
      "type": "aws_subnet",
      "name": "database",
      "provider": "provider[\"registry.terraform.io/hashicorp/aws\"]",
      "instances": [
        {
          "index_key": 0,
          "schema_version": 1,
          "attributes": {
            "arn": "arn:aws:ec2:us-east-1:194722441708:subnet/subnet-01d02b1899693bf5d",
            "assign_ipv6_address_on_creation": false,
            "availability_zone": "us-east-1a",
            "availability_zone_id": "use1-az4",
            "cidr_block": "10.0.20.0/24",
            "customer_owned_ipv4_pool": "",
            "enable_dns64": false,
            "enable_lni_at_device_index": 0,
            "enable_resource_name_dns_a_record_on_launch": false,
            "enable_resource_name_dns_aaaa_record_on_launch": false,
            "id": "subnet-01d02b1899693bf5d",
            "ipv6_cidr_block": "",
            "ipv6_cidr_block_association_id": "",
            "ipv6_native": false,
            "map_customer_owned_ip_on_launch": false,
            "map_public_ip_on_launch": false,
            "outpost_arn": "",
            "owner_id": "194722441708",
            "private_dns_hostname_type_on_launch": "ip-name",
            "tags": {
              "Environment": "assignment",
              "Name": "asterra-database-subnet-1",
              "Type": "Database"
            },
            "tags_all": {
              "Environment": "assignment",
              "Name": "asterra-database-subnet-1",
              "Type": "Database"
            },
            "timeouts": null,
            "vpc_id": "vpc-0848ba8a968a279de"
          },
          "sensitive_attributes": [],
          "private": "eyJlMmJmYjczMC1lY2FhLTExZTYtOGY4OC0zNDM2M2JjN2M0YzAiOnsiY3JlYXRlIjo2MDAwMDAwMDAwMDAsImRlbGV0ZSI6MTIwMDAwMDAwMDAwMH0sInNjaGVtYV92ZXJzaW9uIjoiMSJ9",
          "dependencies": [
            "aws_vpc.main",
            "data.aws_availability_zones.available"
          ]
        },
        {
          "index_key": 1,
          "schema_version": 1,
          "attributes": {
            "arn": "arn:aws:ec2:us-east-1:194722441708:subnet/subnet-0db3601129ddef119",
            "assign_ipv6_address_on_creation": false,
            "availability_zone": "us-east-1b",
            "availability_zone_id": "use1-az6",
            "cidr_block": "10.0.21.0/24",
            "customer_owned_ipv4_pool": "",
            "enable_dns64": false,
            "enable_lni_at_device_index": 0,
            "enable_resource_name_dns_a_record_on_launch": false,
            "enable_resource_name_dns_aaaa_record_on_launch": false,
            "id": "subnet-0db3601129ddef119",
            "ipv6_cidr_block": "",
            "ipv6_cidr_block_association_id": "",
            "ipv6_native": false,
            "map_customer_owned_ip_on_launch": false,
            "map_public_ip_on_launch": false,
            "outpost_arn": "",
            "owner_id": "194722441708",
            "private_dns_hostname_type_on_launch": "ip-name",
            "tags": {
              "Environment": "assignment",
              "Name": "asterra-database-subnet-2",
              "Type": "Database"
            },
            "tags_all": {
              "Environment": "assignment",
              "Name": "asterra-database-subnet-2",
              "Type": "Database"
            },
            "timeouts": null,
            "vpc_id": "vpc-0848ba8a968a279de"
          },
          "sensitive_attributes": [],
          "private": "eyJlMmJmYjczMC1lY2FhLTExZTYtOGY4OC0zNDM2M2JjN2M0YzAiOnsiY3JlYXRlIjo2MDAwMDAwMDAwMDAsImRlbGV0ZSI6MTIwMDAwMDAwMDAwMH0sInNjaGVtYV92ZXJzaW9uIjoiMSJ9",
          "dependencies": [
            "aws_vpc.main",
            "data.aws_availability_zones.available"
          ]
        }
      ]
    },
    {
      "mode": "managed",
      "type": "aws_subnet",
      "name": "private",
      "provider": "provider[\"registry.terraform.io/hashicorp/aws\"]",
      "instances": [
        {
          "index_key": 0,
          "schema_version": 1,
          "attributes": {
            "arn": "arn:aws:ec2:us-east-1:194722441708:subnet/subnet-0bb9914b2756dfd0a",
            "assign_ipv6_address_on_creation": false,
            "availability_zone": "us-east-1a",
            "availability_zone_id": "use1-az4",
            "cidr_block": "10.0.10.0/24",
            "customer_owned_ipv4_pool": "",
            "enable_dns64": false,
            "enable_lni_at_device_index": 0,
            "enable_resource_name_dns_a_record_on_launch": false,
            "enable_resource_name_dns_aaaa_record_on_launch": false,
            "id": "subnet-0bb9914b2756dfd0a",
            "ipv6_cidr_block": "",
            "ipv6_cidr_block_association_id": "",
            "ipv6_native": false,
            "map_customer_owned_ip_on_launch": false,
            "map_public_ip_on_launch": false,
            "outpost_arn": "",
            "owner_id": "194722441708",
            "private_dns_hostname_type_on_launch": "ip-name",
            "tags": {
              "Environment": "assignment",
              "Name": "asterra-private-subnet-1",
              "Type": "Private"
            },
            "tags_all": {
              "Environment": "assignment",
              "Name": "asterra-private-subnet-1",
              "Type": "Private"
            },
            "timeouts": null,
            "vpc_id": "vpc-0848ba8a968a279de"
          },
          "sensitive_attributes": [],
          "private": "eyJlMmJmYjczMC1lY2FhLTExZTYtOGY4OC0zNDM2M2JjN2M0YzAiOnsiY3JlYXRlIjo2MDAwMDAwMDAwMDAsImRlbGV0ZSI6MTIwMDAwMDAwMDAwMH0sInNjaGVtYV92ZXJzaW9uIjoiMSJ9",
          "dependencies": [
            "aws_vpc.main",
            "data.aws_availability_zones.available"
          ]
        },
        {
          "index_key": 1,
          "schema_version": 1,
          "attributes": {
            "arn": "arn:aws:ec2:us-east-1:194722441708:subnet/subnet-0e2125ed973801e0d",
            "assign_ipv6_address_on_creation": false,
            "availability_zone": "us-east-1b",
            "availability_zone_id": "use1-az6",
            "cidr_block": "10.0.11.0/24",
            "customer_owned_ipv4_pool": "",
            "enable_dns64": false,
            "enable_lni_at_device_index": 0,
            "enable_resource_name_dns_a_record_on_launch": false,
            "enable_resource_name_dns_aaaa_record_on_launch": false,
            "id": "subnet-0e2125ed973801e0d",
            "ipv6_cidr_block": "",
            "ipv6_cidr_block_association_id": "",
            "ipv6_native": false,
            "map_customer_owned_ip_on_launch": false,
            "map_public_ip_on_launch": false,
            "outpost_arn": "",
            "owner_id": "194722441708",
            "private_dns_hostname_type_on_launch": "ip-name",
            "tags": {
              "Environment": "assignment",
              "Name": "asterra-private-subnet-2",
              "Type": "Private"
            },
            "tags_all": {
              "Environment": "assignment",
              "Name": "asterra-private-subnet-2",
              "Type": "Private"
            },
            "timeouts": null,
            "vpc_id": "vpc-0848ba8a968a279de"
          },
          "sensitive_attributes": [],
          "private": "eyJlMmJmYjczMC1lY2FhLTExZTYtOGY4OC0zNDM2M2JjN2M0YzAiOnsiY3JlYXRlIjo2MDAwMDAwMDAwMDAsImRlbGV0ZSI6MTIwMDAwMDAwMDAwMH0sInNjaGVtYV92ZXJzaW9uIjoiMSJ9",
          "dependencies": [
            "aws_vpc.main",
            "data.aws_availability_zones.available"
          ]
        }
      ]
    },
    {
      "mode": "managed",
      "type": "aws_subnet",
      "name": "public",
      "provider": "provider[\"registry.terraform.io/hashicorp/aws\"]",
      "instances": [
        {
          "index_key": 0,
          "schema_version": 1,
          "attributes": {
            "arn": "arn:aws:ec2:us-east-1:194722441708:subnet/subnet-0390306e589945532",
            "assign_ipv6_address_on_creation": false,
            "availability_zone": "us-east-1a",
            "availability_zone_id": "use1-az4",
            "cidr_block": "10.0.1.0/24",
            "customer_owned_ipv4_pool": "",
            "enable_dns64": false,
            "enable_lni_at_device_index": 0,
            "enable_resource_name_dns_a_record_on_launch": false,
            "enable_resource_name_dns_aaaa_record_on_launch": false,
            "id": "subnet-0390306e589945532",
            "ipv6_cidr_block": "",
            "ipv6_cidr_block_association_id": "",
            "ipv6_native": false,
            "map_customer_owned_ip_on_launch": false,
            "map_public_ip_on_launch": true,
            "outpost_arn": "",
            "owner_id": "194722441708",
            "private_dns_hostname_type_on_launch": "ip-name",
            "tags": {
              "Environment": "assignment",
              "Name": "asterra-public-subnet-1",
              "Type": "Public"
            },
            "tags_all": {
              "Environment": "assignment",
              "Name": "asterra-public-subnet-1",
              "Type": "Public"
            },
            "timeouts": null,
            "vpc_id": "vpc-0848ba8a968a279de"
          },
          "sensitive_attributes": [],
          "private": "eyJlMmJmYjczMC1lY2FhLTExZTYtOGY4OC0zNDM2M2JjN2M0YzAiOnsiY3JlYXRlIjo2MDAwMDAwMDAwMDAsImRlbGV0ZSI6MTIwMDAwMDAwMDAwMH0sInNjaGVtYV92ZXJzaW9uIjoiMSJ9",
          "dependencies": [
            "aws_vpc.main",
            "data.aws_availability_zones.available"
          ]
        },
        {
          "index_key": 1,
          "schema_version": 1,
          "attributes": {
            "arn": "arn:aws:ec2:us-east-1:194722441708:subnet/subnet-0cb25c7185de8aed4",
            "assign_ipv6_address_on_creation": false,
            "availability_zone": "us-east-1b",
            "availability_zone_id": "use1-az6",
            "cidr_block": "10.0.2.0/24",
            "customer_owned_ipv4_pool": "",
            "enable_dns64": false,
            "enable_lni_at_device_index": 0,
            "enable_resource_name_dns_a_record_on_launch": false,
            "enable_resource_name_dns_aaaa_record_on_launch": false,
            "id": "subnet-0cb25c7185de8aed4",
            "ipv6_cidr_block": "",
            "ipv6_cidr_block_association_id": "",
            "ipv6_native": false,
            "map_customer_owned_ip_on_launch": false,
            "map_public_ip_on_launch": true,
            "outpost_arn": "",
            "owner_id": "194722441708",
            "private_dns_hostname_type_on_launch": "ip-name",
            "tags": {
              "Environment": "assignment",
              "Name": "asterra-public-subnet-2",
              "Type": "Public"
            },
            "tags_all": {
              "Environment": "assignment",
              "Name": "asterra-public-subnet-2",
              "Type": "Public"
            },
            "timeouts": null,
            "vpc_id": "vpc-0848ba8a968a279de"
          },
          "sensitive_attributes": [],
          "private": "eyJlMmJmYjczMC1lY2FhLTExZTYtOGY4OC0zNDM2M2JjN2M0YzAiOnsiY3JlYXRlIjo2MDAwMDAwMDAwMDAsImRlbGV0ZSI6MTIwMDAwMDAwMDAwMH0sInNjaGVtYV92ZXJzaW9uIjoiMSJ9",
          "dependencies": [
            "aws_vpc.main",
            "data.aws_availability_zones.available"
          ]
        }
      ]
    },
    {
      "mode": "managed",
      "type": "aws_vpc",
      "name": "main",
      "provider": "provider[\"registry.terraform.io/hashicorp/aws\"]",
      "instances": [
        {
          "schema_version": 1,
          "attributes": {
            "arn": "arn:aws:ec2:us-east-1:194722441708:vpc/vpc-0848ba8a968a279de",
            "assign_generated_ipv6_cidr_block": false,
            "cidr_block": "10.0.0.0/16",
            "default_network_acl_id": "acl-0345ee89fc7f5dd82",
            "default_route_table_id": "rtb-0bcdac470b6abdb1d",
            "default_security_group_id": "sg-043e7d30451700404",
            "dhcp_options_id": "dopt-02af136091458e6ad",
            "enable_dns_hostnames": true,
            "enable_dns_support": true,
            "enable_network_address_usage_metrics": false,
            "id": "vpc-0848ba8a968a279de",
            "instance_tenancy": "default",
            "ipv4_ipam_pool_id": null,
            "ipv4_netmask_length": null,
            "ipv6_association_id": "",
            "ipv6_cidr_block": "",
            "ipv6_cidr_block_network_border_group": "",
            "ipv6_ipam_pool_id": "",
            "ipv6_netmask_length": 0,
            "main_route_table_id": "rtb-0bcdac470b6abdb1d",
            "owner_id": "194722441708",
            "tags": {
              "Environment": "assignment",
              "Name": "asterra-main-vpc",
              "Project": "asterra-devops"
            },
            "tags_all": {
              "Environment": "assignment",
              "Name": "asterra-main-vpc",
              "Project": "asterra-devops"
            }
          },
          "sensitive_attributes": [],
          "private": "eyJzY2hlbWFfdmVyc2lvbiI6IjEifQ=="
        }
      ]
    },
    {
      "mode": "managed",
      "type": "random_id",
      "name": "bucket_suffix",
      "provider": "provider[\"registry.terraform.io/hashicorp/random\"]",
      "instances": [
        {
          "schema_version": 0,
          "attributes": {
            "b64_std": "lNVNug==",
            "b64_url": "lNVNug",
            "byte_length": 4,
            "dec": "2497007034",
            "hex": "94d54dba",
            "id": "lNVNug",
            "keepers": null,
            "prefix": null
          },
          "sensitive_attributes": []
        }
      ]
    },
    {
      "mode": "managed",
      "type": "random_id",
      "name": "deployment",
      "provider": "provider[\"registry.terraform.io/hashicorp/random\"]",
      "instances": [
        {
          "schema_version": 0,
          "attributes": {
            "b64_std": "Ft+TIA==",
            "b64_url": "Ft-TIA",
            "byte_length": 4,
            "dec": "383750944",
            "hex": "16df9320",
            "id": "Ft-TIA",
            "keepers": {
              "environment": "assignment",
              "project": "asterra-assignment"
            },
            "prefix": null
          },
          "sensitive_attributes": []
        }
      ]
    },
    {
      "mode": "managed",
      "type": "random_password",
      "name": "db_password",
      "provider": "provider[\"registry.terraform.io/hashicorp/random\"]",
      "instances": [
        {
          "schema_version": 3,
          "attributes": {
            "bcrypt_hash": "$2a$10$TzhjlOe/Kk9DGYAJWhIoAeMPNuROmlPtAD34EBSqtKgLVC3GzBzw6",
            "id": "none",
            "keepers": null,
            "length": 16,
            "lower": true,
            "min_lower": 0,
            "min_numeric": 0,
            "min_special": 0,
            "min_upper": 0,
            "number": true,
            "numeric": true,
            "override_special": null,
            "result": "44MJeC_3\u003eyw974Wg",
            "special": true,
            "upper": true
          },
          "sensitive_attributes": [
            [
              {
                "type": "get_attr",
                "value": "bcrypt_hash"
              }
            ],
            [
              {
                "type": "get_attr",
                "value": "result"
              }
            ]
          ]
        }
      ]
    }
  ],
  "check_results": null
}
